// !$*UTF8*$!
{
	archiveVersion = 1;
	classes = {
	};
	objectVersion = 50;
	objects = {

/* Begin PBXBuildFile section */
		72BE32DCB544E03D80678274 /* Pods_JKUITests.framework in Frameworks */ = {isa = PBXBuildFile; fileRef = 6ED9A8B124C0984C6A769749 /* Pods_JKUITests.framework */; };
		9D560DC1E3DE158205F2C252 /* Pods_JK.framework in Frameworks */ = {isa = PBXBuildFile; fileRef = E99FE2CBC9D82FD2B2178A4E /* Pods_JK.framework */; };
		A93B0004213BFC8900600ADE /* AppDelegate.m in Sources */ = {isa = PBXBuildFile; fileRef = A93B0003213BFC8900600ADE /* AppDelegate.m */; };
		A93B000A213BFC8900600ADE /* Main.storyboard in Resources */ = {isa = PBXBuildFile; fileRef = A93B0008213BFC8900600ADE /* Main.storyboard */; };
		A93B000D213BFC8900600ADE /* JK.xcdatamodeld in Sources */ = {isa = PBXBuildFile; fileRef = A93B000B213BFC8900600ADE /* JK.xcdatamodeld */; };
		A93B000F213BFC8B00600ADE /* Assets.xcassets in Resources */ = {isa = PBXBuildFile; fileRef = A93B000E213BFC8B00600ADE /* Assets.xcassets */; };
		A93B0012213BFC8B00600ADE /* LaunchScreen.storyboard in Resources */ = {isa = PBXBuildFile; fileRef = A93B0010213BFC8B00600ADE /* LaunchScreen.storyboard */; };
		A93B0015213BFC8B00600ADE /* main.m in Sources */ = {isa = PBXBuildFile; fileRef = A93B0014213BFC8B00600ADE /* main.m */; };
		A93B001F213BFC8B00600ADE /* JKTests.m in Sources */ = {isa = PBXBuildFile; fileRef = A93B001E213BFC8B00600ADE /* JKTests.m */; };
		A93B002A213BFC8B00600ADE /* JKUITests.m in Sources */ = {isa = PBXBuildFile; fileRef = A93B0029213BFC8B00600ADE /* JKUITests.m */; };
		A93B003F213C0C4B00600ADE /* ManicureList.plist in Resources */ = {isa = PBXBuildFile; fileRef = A93B003E213C0C4B00600ADE /* ManicureList.plist */; };
		A970EFD6217B680D0077E8B9 /* FilterView.swift in Sources */ = {isa = PBXBuildFile; fileRef = A970EFD5217B680D0077E8B9 /* FilterView.swift */; };
		A970EFDA217C83C40077E8B9 /* FilterViews.xib in Resources */ = {isa = PBXBuildFile; fileRef = A970EFD9217C83C40077E8B9 /* FilterViews.xib */; };
		A9A6DC97219B017700699E3C /* PhotoCollectionView.swift in Sources */ = {isa = PBXBuildFile; fileRef = A9A6DC96219B017700699E3C /* PhotoCollectionView.swift */; };
		A9BA6F3421AACDE800058B9A /* 28.jpg in Resources */ = {isa = PBXBuildFile; fileRef = A9BA6F1121AACDE500058B9A /* 28.jpg */; };
		A9BA6F3521AACDE800058B9A /* 23.jpg in Resources */ = {isa = PBXBuildFile; fileRef = A9BA6F1221AACDE500058B9A /* 23.jpg */; };
		A9BA6F3621AACDE800058B9A /* 2.jpg in Resources */ = {isa = PBXBuildFile; fileRef = A9BA6F1321AACDE600058B9A /* 2.jpg */; };
		A9BA6F3721AACDE800058B9A /* 24.jpg in Resources */ = {isa = PBXBuildFile; fileRef = A9BA6F1421AACDE600058B9A /* 24.jpg */; };
		A9BA6F3821AACDE800058B9A /* 9.jpg in Resources */ = {isa = PBXBuildFile; fileRef = A9BA6F1521AACDE600058B9A /* 9.jpg */; };
		A9BA6F3921AACDE800058B9A /* 21.jpg in Resources */ = {isa = PBXBuildFile; fileRef = A9BA6F1621AACDE600058B9A /* 21.jpg */; };
		A9BA6F3B21AACDE800058B9A /* 25.jpg in Resources */ = {isa = PBXBuildFile; fileRef = A9BA6F1821AACDE600058B9A /* 25.jpg */; };
		A9BA6F3C21AACDE800058B9A /* 27.jpg in Resources */ = {isa = PBXBuildFile; fileRef = A9BA6F1921AACDE600058B9A /* 27.jpg */; };
		A9BA6F3D21AACDE800058B9A /* 13.jpg in Resources */ = {isa = PBXBuildFile; fileRef = A9BA6F1A21AACDE600058B9A /* 13.jpg */; };
		A9BA6F3E21AACDE800058B9A /* 11.jpg in Resources */ = {isa = PBXBuildFile; fileRef = A9BA6F1B21AACDE600058B9A /* 11.jpg */; };
		A9BA6F3F21AACDE800058B9A /* 1.jpg in Resources */ = {isa = PBXBuildFile; fileRef = A9BA6F1C21AACDE600058B9A /* 1.jpg */; };
		A9BA6F4021AACDE800058B9A /* 3.jpg in Resources */ = {isa = PBXBuildFile; fileRef = A9BA6F1D21AACDE600058B9A /* 3.jpg */; };
		A9BA6F4121AACDE800058B9A /* 32.jpg in Resources */ = {isa = PBXBuildFile; fileRef = A9BA6F1E21AACDE600058B9A /* 32.jpg */; };
		A9BA6F4221AACDE800058B9A /* 20.jpg in Resources */ = {isa = PBXBuildFile; fileRef = A9BA6F1F21AACDE600058B9A /* 20.jpg */; };
		A9BA6F4321AACDE800058B9A /* 15.jpg in Resources */ = {isa = PBXBuildFile; fileRef = A9BA6F2021AACDE600058B9A /* 15.jpg */; };
		A9BA6F4421AACDE800058B9A /* 22.jpg in Resources */ = {isa = PBXBuildFile; fileRef = A9BA6F2121AACDE600058B9A /* 22.jpg */; };
		A9BA6F4521AACDE800058B9A /* 18.jpg in Resources */ = {isa = PBXBuildFile; fileRef = A9BA6F2221AACDE600058B9A /* 18.jpg */; };
		A9BA6F4621AACDE800058B9A /* 19.jpg in Resources */ = {isa = PBXBuildFile; fileRef = A9BA6F2321AACDE700058B9A /* 19.jpg */; };
		A9BA6F4721AACDE800058B9A /* 8.jpg in Resources */ = {isa = PBXBuildFile; fileRef = A9BA6F2421AACDE700058B9A /* 8.jpg */; };
		A9BA6F4821AACDE800058B9A /* 17.jpg in Resources */ = {isa = PBXBuildFile; fileRef = A9BA6F2521AACDE700058B9A /* 17.jpg */; };
		A9BA6F4921AACDE800058B9A /* 10.jpg in Resources */ = {isa = PBXBuildFile; fileRef = A9BA6F2621AACDE700058B9A /* 10.jpg */; };
		A9BA6F4A21AACDE800058B9A /* 16.jpg in Resources */ = {isa = PBXBuildFile; fileRef = A9BA6F2721AACDE700058B9A /* 16.jpg */; };
		A9BA6F4B21AACDE800058B9A /* 31.jpg in Resources */ = {isa = PBXBuildFile; fileRef = A9BA6F2821AACDE700058B9A /* 31.jpg */; };
		A9BA6F4C21AACDE800058B9A /* 14.jpg in Resources */ = {isa = PBXBuildFile; fileRef = A9BA6F2921AACDE700058B9A /* 14.jpg */; };
		A9BA6F4D21AACDE800058B9A /* 33.jpg in Resources */ = {isa = PBXBuildFile; fileRef = A9BA6F2A21AACDE700058B9A /* 33.jpg */; };
		A9BA6F4E21AACDE800058B9A /* 4.jpg in Resources */ = {isa = PBXBuildFile; fileRef = A9BA6F2B21AACDE700058B9A /* 4.jpg */; };
		A9BA6F4F21AACDE800058B9A /* 12.jpg in Resources */ = {isa = PBXBuildFile; fileRef = A9BA6F2C21AACDE700058B9A /* 12.jpg */; };
		A9BA6F5021AACDE800058B9A /* 5.jpg in Resources */ = {isa = PBXBuildFile; fileRef = A9BA6F2D21AACDE700058B9A /* 5.jpg */; };
		A9BA6F5121AACDE800058B9A /* 26.jpg in Resources */ = {isa = PBXBuildFile; fileRef = A9BA6F2E21AACDE700058B9A /* 26.jpg */; };
		A9BA6F5221AACDE800058B9A /* 7.jpg in Resources */ = {isa = PBXBuildFile; fileRef = A9BA6F2F21AACDE700058B9A /* 7.jpg */; };
		A9BA6F5321AACDE800058B9A /* 6.jpg in Resources */ = {isa = PBXBuildFile; fileRef = A9BA6F3021AACDE700058B9A /* 6.jpg */; };
		A9BA6F5421AACDE800058B9A /* 29.jpg in Resources */ = {isa = PBXBuildFile; fileRef = A9BA6F3121AACDE800058B9A /* 29.jpg */; };
		A9BA6F5521AACDE800058B9A /* 34.jpg in Resources */ = {isa = PBXBuildFile; fileRef = A9BA6F3221AACDE800058B9A /* 34.jpg */; };
		A9BA6F5621AACDE800058B9A /* 30.jpg in Resources */ = {isa = PBXBuildFile; fileRef = A9BA6F3321AACDE800058B9A /* 30.jpg */; };
		A9C4374D2186E14000E18F7E /* ManicureCollectionController.swift in Sources */ = {isa = PBXBuildFile; fileRef = A9C4374C2186E14000E18F7E /* ManicureCollectionController.swift */; };
		A9C4374F2186E48100E18F7E /* EyelashesList.plist in Resources */ = {isa = PBXBuildFile; fileRef = A9C4374E2186E48100E18F7E /* EyelashesList.plist */; };
		A9C437512186E60700E18F7E /* w1.jpeg in Resources */ = {isa = PBXBuildFile; fileRef = A9C437502186E60700E18F7E /* w1.jpeg */; };
		A9C437532186E64D00E18F7E /* w2.jpeg in Resources */ = {isa = PBXBuildFile; fileRef = A9C437522186E64D00E18F7E /* w2.jpeg */; };
		A9C437582186E70500E18F7E /* w4.jpeg in Resources */ = {isa = PBXBuildFile; fileRef = A9C437572186E70500E18F7E /* w4.jpeg */; };
		A9C4375A2186E72A00E18F7E /* w5.jpeg in Resources */ = {isa = PBXBuildFile; fileRef = A9C437592186E72A00E18F7E /* w5.jpeg */; };
		A9C4375C2186E75B00E18F7E /* w6.jpeg in Resources */ = {isa = PBXBuildFile; fileRef = A9C4375B2186E75B00E18F7E /* w6.jpeg */; };
		A9C4375E2186E79A00E18F7E /* w7.jpeg in Resources */ = {isa = PBXBuildFile; fileRef = A9C4375D2186E79A00E18F7E /* w7.jpeg */; };
		A9C437602186E7C100E18F7E /* w8.jpeg in Resources */ = {isa = PBXBuildFile; fileRef = A9C4375F2186E7C100E18F7E /* w8.jpeg */; };
		A9C437622186E9B300E18F7E /* EyeLashesCollectionController.swift in Sources */ = {isa = PBXBuildFile; fileRef = A9C437612186E9B300E18F7E /* EyeLashesCollectionController.swift */; };
		A9C437642186EE7B00E18F7E /* w3.jpeg in Resources */ = {isa = PBXBuildFile; fileRef = A9C437632186EE7B00E18F7E /* w3.jpeg */; };
		A9D4FED8214FDD0F0011D6C4 /* PhotoCollectionViewController.swift in Sources */ = {isa = PBXBuildFile; fileRef = A9D4FED7214FDD0F0011D6C4 /* PhotoCollectionViewController.swift */; };
		A9D4FEDA215140D60011D6C4 /* PhotoDetailViewController.swift in Sources */ = {isa = PBXBuildFile; fileRef = A9D4FED9215140D60011D6C4 /* PhotoDetailViewController.swift */; };
		BE96BB7FD6FA7AF059D6080A /* Pods_JKTests.framework in Frameworks */ = {isa = PBXBuildFile; fileRef = 2EDA1C650059A694EA01821D /* Pods_JKTests.framework */; };
/* End PBXBuildFile section */

/* Begin PBXContainerItemProxy section */
		A93B001B213BFC8B00600ADE /* PBXContainerItemProxy */ = {
			isa = PBXContainerItemProxy;
			containerPortal = A93BFFF7213BFC8900600ADE /* Project object */;
			proxyType = 1;
			remoteGlobalIDString = A93BFFFE213BFC8900600ADE;
			remoteInfo = JK;
		};
		A93B0026213BFC8B00600ADE /* PBXContainerItemProxy */ = {
			isa = PBXContainerItemProxy;
			containerPortal = A93BFFF7213BFC8900600ADE /* Project object */;
			proxyType = 1;
			remoteGlobalIDString = A93BFFFE213BFC8900600ADE;
			remoteInfo = JK;
		};
/* End PBXContainerItemProxy section */

/* Begin PBXFileReference section */
		2470D4DFD431A03920E254DA /* Pods-JK.release.xcconfig */ = {isa = PBXFileReference; includeInIndex = 1; lastKnownFileType = text.xcconfig; name = "Pods-JK.release.xcconfig"; path = "Pods/Target Support Files/Pods-JK/Pods-JK.release.xcconfig"; sourceTree = "<group>"; };
		2DAEE9250425F1AF3C7498B0 /* Pods-JK.debug.xcconfig */ = {isa = PBXFileReference; includeInIndex = 1; lastKnownFileType = text.xcconfig; name = "Pods-JK.debug.xcconfig"; path = "Pods/Target Support Files/Pods-JK/Pods-JK.debug.xcconfig"; sourceTree = "<group>"; };
		2EDA1C650059A694EA01821D /* Pods_JKTests.framework */ = {isa = PBXFileReference; explicitFileType = wrapper.framework; includeInIndex = 0; path = Pods_JKTests.framework; sourceTree = BUILT_PRODUCTS_DIR; };
		5557B688B8ED02BAAF341517 /* Pods-JKTests.debug.xcconfig */ = {isa = PBXFileReference; includeInIndex = 1; lastKnownFileType = text.xcconfig; name = "Pods-JKTests.debug.xcconfig"; path = "Pods/Target Support Files/Pods-JKTests/Pods-JKTests.debug.xcconfig"; sourceTree = "<group>"; };
		6ED9A8B124C0984C6A769749 /* Pods_JKUITests.framework */ = {isa = PBXFileReference; explicitFileType = wrapper.framework; includeInIndex = 0; path = Pods_JKUITests.framework; sourceTree = BUILT_PRODUCTS_DIR; };
		7A4F1368F1944957BB7C281E /* Pods-JKUITests.release.xcconfig */ = {isa = PBXFileReference; includeInIndex = 1; lastKnownFileType = text.xcconfig; name = "Pods-JKUITests.release.xcconfig"; path = "Pods/Target Support Files/Pods-JKUITests/Pods-JKUITests.release.xcconfig"; sourceTree = "<group>"; };
		99231957CD5102366F860FEC /* Pods-JKTests.release.xcconfig */ = {isa = PBXFileReference; includeInIndex = 1; lastKnownFileType = text.xcconfig; name = "Pods-JKTests.release.xcconfig"; path = "Pods/Target Support Files/Pods-JKTests/Pods-JKTests.release.xcconfig"; sourceTree = "<group>"; };
		A464D44F3C0EC47AE8BD963F /* Pods-JKUITests.debug.xcconfig */ = {isa = PBXFileReference; includeInIndex = 1; lastKnownFileType = text.xcconfig; name = "Pods-JKUITests.debug.xcconfig"; path = "Pods/Target Support Files/Pods-JKUITests/Pods-JKUITests.debug.xcconfig"; sourceTree = "<group>"; };
		A913FAEF213EA9FA00AEF89C /* JK-Bridging-Header.h */ = {isa = PBXFileReference; lastKnownFileType = sourcecode.c.h; path = "JK-Bridging-Header.h"; sourceTree = "<group>"; };
		A93B0002213BFC8900600ADE /* AppDelegate.h */ = {isa = PBXFileReference; lastKnownFileType = sourcecode.c.h; path = AppDelegate.h; sourceTree = "<group>"; };
		A93B0003213BFC8900600ADE /* AppDelegate.m */ = {isa = PBXFileReference; lastKnownFileType = sourcecode.c.objc; path = AppDelegate.m; sourceTree = "<group>"; };
		A93B0009213BFC8900600ADE /* Base */ = {isa = PBXFileReference; lastKnownFileType = file.storyboard; name = Base; path = Base.lproj/Main.storyboard; sourceTree = "<group>"; };
		A93B000C213BFC8900600ADE /* JK.xcdatamodel */ = {isa = PBXFileReference; lastKnownFileType = wrapper.xcdatamodel; path = JK.xcdatamodel; sourceTree = "<group>"; };
		A93B000E213BFC8B00600ADE /* Assets.xcassets */ = {isa = PBXFileReference; lastKnownFileType = folder.assetcatalog; path = Assets.xcassets; sourceTree = "<group>"; };
		A93B0011213BFC8B00600ADE /* Base */ = {isa = PBXFileReference; lastKnownFileType = file.storyboard; name = Base; path = Base.lproj/LaunchScreen.storyboard; sourceTree = "<group>"; };
		A93B0013213BFC8B00600ADE /* Info.plist */ = {isa = PBXFileReference; lastKnownFileType = text.plist.xml; path = Info.plist; sourceTree = "<group>"; };
		A93B0014213BFC8B00600ADE /* main.m */ = {isa = PBXFileReference; lastKnownFileType = sourcecode.c.objc; path = main.m; sourceTree = "<group>"; };
		A93B001A213BFC8B00600ADE /* JKTests.xctest */ = {isa = PBXFileReference; explicitFileType = wrapper.cfbundle; includeInIndex = 0; path = JKTests.xctest; sourceTree = BUILT_PRODUCTS_DIR; };
		A93B001E213BFC8B00600ADE /* JKTests.m */ = {isa = PBXFileReference; lastKnownFileType = sourcecode.c.objc; path = JKTests.m; sourceTree = "<group>"; };
		A93B0020213BFC8B00600ADE /* Info.plist */ = {isa = PBXFileReference; lastKnownFileType = text.plist.xml; path = Info.plist; sourceTree = "<group>"; };
		A93B0025213BFC8B00600ADE /* JKUITests.xctest */ = {isa = PBXFileReference; explicitFileType = wrapper.cfbundle; includeInIndex = 0; path = JKUITests.xctest; sourceTree = BUILT_PRODUCTS_DIR; };
		A93B0029213BFC8B00600ADE /* JKUITests.m */ = {isa = PBXFileReference; lastKnownFileType = sourcecode.c.objc; path = JKUITests.m; sourceTree = "<group>"; };
		A93B002B213BFC8B00600ADE /* Info.plist */ = {isa = PBXFileReference; lastKnownFileType = text.plist.xml; path = Info.plist; sourceTree = "<group>"; };
		A93B003E213C0C4B00600ADE /* ManicureList.plist */ = {isa = PBXFileReference; lastKnownFileType = text.plist.xml; path = ManicureList.plist; sourceTree = "<group>"; };
		A93BFFFF213BFC8900600ADE /* 梧桐.app */ = {isa = PBXFileReference; explicitFileType = wrapper.application; includeInIndex = 0; path = "梧桐.app"; sourceTree = BUILT_PRODUCTS_DIR; };
		A970EFD5217B680D0077E8B9 /* FilterView.swift */ = {isa = PBXFileReference; lastKnownFileType = sourcecode.swift; path = FilterView.swift; sourceTree = "<group>"; };
		A970EFD9217C83C40077E8B9 /* FilterViews.xib */ = {isa = PBXFileReference; fileEncoding = 4; lastKnownFileType = file.xib; path = FilterViews.xib; sourceTree = "<group>"; };
		A9A6DC96219B017700699E3C /* PhotoCollectionView.swift */ = {isa = PBXFileReference; lastKnownFileType = sourcecode.swift; path = PhotoCollectionView.swift; sourceTree = "<group>"; };
		A9BA6F1121AACDE500058B9A /* 28.jpg */ = {isa = PBXFileReference; lastKnownFileType = image.jpeg; path = 28.jpg; sourceTree = "<group>"; };
		A9BA6F1221AACDE500058B9A /* 23.jpg */ = {isa = PBXFileReference; lastKnownFileType = image.jpeg; path = 23.jpg; sourceTree = "<group>"; };
		A9BA6F1321AACDE600058B9A /* 2.jpg */ = {isa = PBXFileReference; lastKnownFileType = image.jpeg; path = 2.jpg; sourceTree = "<group>"; };
		A9BA6F1421AACDE600058B9A /* 24.jpg */ = {isa = PBXFileReference; lastKnownFileType = image.jpeg; path = 24.jpg; sourceTree = "<group>"; };
		A9BA6F1521AACDE600058B9A /* 9.jpg */ = {isa = PBXFileReference; lastKnownFileType = image.jpeg; path = 9.jpg; sourceTree = "<group>"; };
		A9BA6F1621AACDE600058B9A /* 21.jpg */ = {isa = PBXFileReference; lastKnownFileType = image.jpeg; path = 21.jpg; sourceTree = "<group>"; };
		A9BA6F1821AACDE600058B9A /* 25.jpg */ = {isa = PBXFileReference; lastKnownFileType = image.jpeg; path = 25.jpg; sourceTree = "<group>"; };
		A9BA6F1921AACDE600058B9A /* 27.jpg */ = {isa = PBXFileReference; lastKnownFileType = image.jpeg; path = 27.jpg; sourceTree = "<group>"; };
		A9BA6F1A21AACDE600058B9A /* 13.jpg */ = {isa = PBXFileReference; lastKnownFileType = image.jpeg; path = 13.jpg; sourceTree = "<group>"; };
		A9BA6F1B21AACDE600058B9A /* 11.jpg */ = {isa = PBXFileReference; lastKnownFileType = image.jpeg; path = 11.jpg; sourceTree = "<group>"; };
		A9BA6F1C21AACDE600058B9A /* 1.jpg */ = {isa = PBXFileReference; lastKnownFileType = image.jpeg; path = 1.jpg; sourceTree = "<group>"; };
		A9BA6F1D21AACDE600058B9A /* 3.jpg */ = {isa = PBXFileReference; lastKnownFileType = image.jpeg; path = 3.jpg; sourceTree = "<group>"; };
		A9BA6F1E21AACDE600058B9A /* 32.jpg */ = {isa = PBXFileReference; lastKnownFileType = image.jpeg; path = 32.jpg; sourceTree = "<group>"; };
		A9BA6F1F21AACDE600058B9A /* 20.jpg */ = {isa = PBXFileReference; lastKnownFileType = image.jpeg; path = 20.jpg; sourceTree = "<group>"; };
		A9BA6F2021AACDE600058B9A /* 15.jpg */ = {isa = PBXFileReference; lastKnownFileType = image.jpeg; path = 15.jpg; sourceTree = "<group>"; };
		A9BA6F2121AACDE600058B9A /* 22.jpg */ = {isa = PBXFileReference; lastKnownFileType = image.jpeg; path = 22.jpg; sourceTree = "<group>"; };
		A9BA6F2221AACDE600058B9A /* 18.jpg */ = {isa = PBXFileReference; lastKnownFileType = image.jpeg; path = 18.jpg; sourceTree = "<group>"; };
		A9BA6F2321AACDE700058B9A /* 19.jpg */ = {isa = PBXFileReference; lastKnownFileType = image.jpeg; path = 19.jpg; sourceTree = "<group>"; };
		A9BA6F2421AACDE700058B9A /* 8.jpg */ = {isa = PBXFileReference; lastKnownFileType = image.jpeg; path = 8.jpg; sourceTree = "<group>"; };
		A9BA6F2521AACDE700058B9A /* 17.jpg */ = {isa = PBXFileReference; lastKnownFileType = image.jpeg; path = 17.jpg; sourceTree = "<group>"; };
		A9BA6F2621AACDE700058B9A /* 10.jpg */ = {isa = PBXFileReference; lastKnownFileType = image.jpeg; path = 10.jpg; sourceTree = "<group>"; };
		A9BA6F2721AACDE700058B9A /* 16.jpg */ = {isa = PBXFileReference; lastKnownFileType = image.jpeg; path = 16.jpg; sourceTree = "<group>"; };
		A9BA6F2821AACDE700058B9A /* 31.jpg */ = {isa = PBXFileReference; lastKnownFileType = image.jpeg; path = 31.jpg; sourceTree = "<group>"; };
		A9BA6F2921AACDE700058B9A /* 14.jpg */ = {isa = PBXFileReference; lastKnownFileType = image.jpeg; path = 14.jpg; sourceTree = "<group>"; };
		A9BA6F2A21AACDE700058B9A /* 33.jpg */ = {isa = PBXFileReference; lastKnownFileType = image.jpeg; path = 33.jpg; sourceTree = "<group>"; };
		A9BA6F2B21AACDE700058B9A /* 4.jpg */ = {isa = PBXFileReference; lastKnownFileType = image.jpeg; path = 4.jpg; sourceTree = "<group>"; };
		A9BA6F2C21AACDE700058B9A /* 12.jpg */ = {isa = PBXFileReference; lastKnownFileType = image.jpeg; path = 12.jpg; sourceTree = "<group>"; };
		A9BA6F2D21AACDE700058B9A /* 5.jpg */ = {isa = PBXFileReference; lastKnownFileType = image.jpeg; path = 5.jpg; sourceTree = "<group>"; };
		A9BA6F2E21AACDE700058B9A /* 26.jpg */ = {isa = PBXFileReference; lastKnownFileType = image.jpeg; path = 26.jpg; sourceTree = "<group>"; };
		A9BA6F2F21AACDE700058B9A /* 7.jpg */ = {isa = PBXFileReference; lastKnownFileType = image.jpeg; path = 7.jpg; sourceTree = "<group>"; };
		A9BA6F3021AACDE700058B9A /* 6.jpg */ = {isa = PBXFileReference; lastKnownFileType = image.jpeg; path = 6.jpg; sourceTree = "<group>"; };
		A9BA6F3121AACDE800058B9A /* 29.jpg */ = {isa = PBXFileReference; lastKnownFileType = image.jpeg; path = 29.jpg; sourceTree = "<group>"; };
		A9BA6F3221AACDE800058B9A /* 34.jpg */ = {isa = PBXFileReference; lastKnownFileType = image.jpeg; path = 34.jpg; sourceTree = "<group>"; };
		A9BA6F3321AACDE800058B9A /* 30.jpg */ = {isa = PBXFileReference; lastKnownFileType = image.jpeg; path = 30.jpg; sourceTree = "<group>"; };
		A9C4374C2186E14000E18F7E /* ManicureCollectionController.swift */ = {isa = PBXFileReference; lastKnownFileType = sourcecode.swift; path = ManicureCollectionController.swift; sourceTree = "<group>"; };
		A9C4374E2186E48100E18F7E /* EyelashesList.plist */ = {isa = PBXFileReference; fileEncoding = 4; lastKnownFileType = text.plist.xml; path = EyelashesList.plist; sourceTree = "<group>"; };
		A9C437502186E60700E18F7E /* w1.jpeg */ = {isa = PBXFileReference; lastKnownFileType = image.jpeg; path = w1.jpeg; sourceTree = "<group>"; };
		A9C437522186E64D00E18F7E /* w2.jpeg */ = {isa = PBXFileReference; lastKnownFileType = image.jpeg; path = w2.jpeg; sourceTree = "<group>"; };
		A9C437572186E70500E18F7E /* w4.jpeg */ = {isa = PBXFileReference; lastKnownFileType = image.jpeg; path = w4.jpeg; sourceTree = "<group>"; };
		A9C437592186E72A00E18F7E /* w5.jpeg */ = {isa = PBXFileReference; lastKnownFileType = image.jpeg; path = w5.jpeg; sourceTree = "<group>"; };
		A9C4375B2186E75B00E18F7E /* w6.jpeg */ = {isa = PBXFileReference; lastKnownFileType = image.jpeg; path = w6.jpeg; sourceTree = "<group>"; };
		A9C4375D2186E79A00E18F7E /* w7.jpeg */ = {isa = PBXFileReference; lastKnownFileType = image.jpeg; path = w7.jpeg; sourceTree = "<group>"; };
		A9C4375F2186E7C100E18F7E /* w8.jpeg */ = {isa = PBXFileReference; lastKnownFileType = image.jpeg; path = w8.jpeg; sourceTree = "<group>"; };
		A9C437612186E9B300E18F7E /* EyeLashesCollectionController.swift */ = {isa = PBXFileReference; lastKnownFileType = sourcecode.swift; path = EyeLashesCollectionController.swift; sourceTree = "<group>"; };
		A9C437632186EE7B00E18F7E /* w3.jpeg */ = {isa = PBXFileReference; lastKnownFileType = image.jpeg; path = w3.jpeg; sourceTree = "<group>"; };
		A9D4FED7214FDD0F0011D6C4 /* PhotoCollectionViewController.swift */ = {isa = PBXFileReference; lastKnownFileType = sourcecode.swift; path = PhotoCollectionViewController.swift; sourceTree = "<group>"; };
		A9D4FED9215140D60011D6C4 /* PhotoDetailViewController.swift */ = {isa = PBXFileReference; lastKnownFileType = sourcecode.swift; path = PhotoDetailViewController.swift; sourceTree = "<group>"; };
		E99FE2CBC9D82FD2B2178A4E /* Pods_JK.framework */ = {isa = PBXFileReference; explicitFileType = wrapper.framework; includeInIndex = 0; path = Pods_JK.framework; sourceTree = BUILT_PRODUCTS_DIR; };
/* End PBXFileReference section */

/* Begin PBXFrameworksBuildPhase section */
		A93B0017213BFC8B00600ADE /* Frameworks */ = {
			isa = PBXFrameworksBuildPhase;
			buildActionMask = 2147483647;
			files = (
				BE96BB7FD6FA7AF059D6080A /* Pods_JKTests.framework in Frameworks */,
			);
			runOnlyForDeploymentPostprocessing = 0;
		};
		A93B0022213BFC8B00600ADE /* Frameworks */ = {
			isa = PBXFrameworksBuildPhase;
			buildActionMask = 2147483647;
			files = (
				72BE32DCB544E03D80678274 /* Pods_JKUITests.framework in Frameworks */,
			);
			runOnlyForDeploymentPostprocessing = 0;
		};
		A93BFFFC213BFC8900600ADE /* Frameworks */ = {
			isa = PBXFrameworksBuildPhase;
			buildActionMask = 2147483647;
			files = (
				9D560DC1E3DE158205F2C252 /* Pods_JK.framework in Frameworks */,
			);
			runOnlyForDeploymentPostprocessing = 0;
		};
/* End PBXFrameworksBuildPhase section */

/* Begin PBXGroup section */
		9B0CE195F3A10FF93670EFA6 /* Frameworks */ = {
			isa = PBXGroup;
			children = (
				E99FE2CBC9D82FD2B2178A4E /* Pods_JK.framework */,
				2EDA1C650059A694EA01821D /* Pods_JKTests.framework */,
				6ED9A8B124C0984C6A769749 /* Pods_JKUITests.framework */,
			);
			name = Frameworks;
			sourceTree = "<group>";
		};
		A93B0000213BFC8900600ADE /* Products */ = {
			isa = PBXGroup;
			children = (
				A93BFFFF213BFC8900600ADE /* 梧桐.app */,
				A93B001A213BFC8B00600ADE /* JKTests.xctest */,
				A93B0025213BFC8B00600ADE /* JKUITests.xctest */,
			);
			name = Products;
			sourceTree = "<group>";
		};
		A93B0001213BFC8900600ADE /* JK */ = {
			isa = PBXGroup;
			children = (
				A93B003D213C089600600ADE /* Resources */,
				A93B0002213BFC8900600ADE /* AppDelegate.h */,
				A93B0003213BFC8900600ADE /* AppDelegate.m */,
				A9D4FED7214FDD0F0011D6C4 /* PhotoCollectionViewController.swift */,
				A9C437612186E9B300E18F7E /* EyeLashesCollectionController.swift */,
				A9C4374C2186E14000E18F7E /* ManicureCollectionController.swift */,
				A970EFD5217B680D0077E8B9 /* FilterView.swift */,
				A970EFD9217C83C40077E8B9 /* FilterViews.xib */,
				A9D4FED9215140D60011D6C4 /* PhotoDetailViewController.swift */,
				A93B0008213BFC8900600ADE /* Main.storyboard */,
				A9A6DC96219B017700699E3C /* PhotoCollectionView.swift */,
				A93B000E213BFC8B00600ADE /* Assets.xcassets */,
				A93B0010213BFC8B00600ADE /* LaunchScreen.storyboard */,
				A93B0013213BFC8B00600ADE /* Info.plist */,
				A93B0014213BFC8B00600ADE /* main.m */,
				A93B000B213BFC8900600ADE /* JK.xcdatamodeld */,
				A93B003E213C0C4B00600ADE /* ManicureList.plist */,
				A9C4374E2186E48100E18F7E /* EyelashesList.plist */,
				A913FAEF213EA9FA00AEF89C /* JK-Bridging-Header.h */,
			);
			path = JK;
			sourceTree = "<group>";
		};
		A93B001D213BFC8B00600ADE /* JKTests */ = {
			isa = PBXGroup;
			children = (
				A93B001E213BFC8B00600ADE /* JKTests.m */,
				A93B0020213BFC8B00600ADE /* Info.plist */,
			);
			path = JKTests;
			sourceTree = "<group>";
		};
		A93B0028213BFC8B00600ADE /* JKUITests */ = {
			isa = PBXGroup;
			children = (
				A93B0029213BFC8B00600ADE /* JKUITests.m */,
				A93B002B213BFC8B00600ADE /* Info.plist */,
			);
			path = JKUITests;
			sourceTree = "<group>";
		};
		A93B003D213C089600600ADE /* Resources */ = {
			isa = PBXGroup;
			children = (
				A9BA6F1C21AACDE600058B9A /* 1.jpg */,
				A9BA6F1321AACDE600058B9A /* 2.jpg */,
				A9BA6F1D21AACDE600058B9A /* 3.jpg */,
				A9BA6F2B21AACDE700058B9A /* 4.jpg */,
				A9BA6F2D21AACDE700058B9A /* 5.jpg */,
				A9BA6F3021AACDE700058B9A /* 6.jpg */,
				A9BA6F2F21AACDE700058B9A /* 7.jpg */,
				A9BA6F2421AACDE700058B9A /* 8.jpg */,
				A9BA6F1521AACDE600058B9A /* 9.jpg */,
				A9BA6F2621AACDE700058B9A /* 10.jpg */,
				A9BA6F1B21AACDE600058B9A /* 11.jpg */,
				A9BA6F2C21AACDE700058B9A /* 12.jpg */,
				A9BA6F1A21AACDE600058B9A /* 13.jpg */,
				A9BA6F2921AACDE700058B9A /* 14.jpg */,
				A9BA6F2021AACDE600058B9A /* 15.jpg */,
				A9BA6F2721AACDE700058B9A /* 16.jpg */,
				A9BA6F2521AACDE700058B9A /* 17.jpg */,
				A9BA6F2221AACDE600058B9A /* 18.jpg */,
				A9BA6F2321AACDE700058B9A /* 19.jpg */,
				A9BA6F1F21AACDE600058B9A /* 20.jpg */,
				A9BA6F1621AACDE600058B9A /* 21.jpg */,
				A9BA6F2121AACDE600058B9A /* 22.jpg */,
				A9BA6F1221AACDE500058B9A /* 23.jpg */,
				A9BA6F1421AACDE600058B9A /* 24.jpg */,
				A9BA6F1821AACDE600058B9A /* 25.jpg */,
				A9BA6F2E21AACDE700058B9A /* 26.jpg */,
				A9BA6F1921AACDE600058B9A /* 27.jpg */,
				A9BA6F1121AACDE500058B9A /* 28.jpg */,
				A9BA6F3121AACDE800058B9A /* 29.jpg */,
				A9BA6F3321AACDE800058B9A /* 30.jpg */,
				A9BA6F2821AACDE700058B9A /* 31.jpg */,
				A9BA6F1E21AACDE600058B9A /* 32.jpg */,
				A9BA6F2A21AACDE700058B9A /* 33.jpg */,
				A9BA6F3221AACDE800058B9A /* 34.jpg */,
				A9C437522186E64D00E18F7E /* w2.jpeg */,
				A9C437502186E60700E18F7E /* w1.jpeg */,
				A9C437592186E72A00E18F7E /* w5.jpeg */,
				A9C437572186E70500E18F7E /* w4.jpeg */,
				A9C4375F2186E7C100E18F7E /* w8.jpeg */,
				A9C4375B2186E75B00E18F7E /* w6.jpeg */,
				A9C4375D2186E79A00E18F7E /* w7.jpeg */,
				A9C437632186EE7B00E18F7E /* w3.jpeg */,
			);
			path = Resources;
			sourceTree = "<group>";
		};
		A93BFFF6213BFC8900600ADE = {
			isa = PBXGroup;
			children = (
				A93B0001213BFC8900600ADE /* JK */,
				A93B001D213BFC8B00600ADE /* JKTests */,
				A93B0028213BFC8B00600ADE /* JKUITests */,
				A93B0000213BFC8900600ADE /* Products */,
				B00A48FFB43B3A3C6F3F5C1B /* Pods */,
				9B0CE195F3A10FF93670EFA6 /* Frameworks */,
			);
			sourceTree = "<group>";
		};
		B00A48FFB43B3A3C6F3F5C1B /* Pods */ = {
			isa = PBXGroup;
			children = (
				2DAEE9250425F1AF3C7498B0 /* Pods-JK.debug.xcconfig */,
				2470D4DFD431A03920E254DA /* Pods-JK.release.xcconfig */,
				5557B688B8ED02BAAF341517 /* Pods-JKTests.debug.xcconfig */,
				99231957CD5102366F860FEC /* Pods-JKTests.release.xcconfig */,
				A464D44F3C0EC47AE8BD963F /* Pods-JKUITests.debug.xcconfig */,
				7A4F1368F1944957BB7C281E /* Pods-JKUITests.release.xcconfig */,
			);
			name = Pods;
			sourceTree = "<group>";
		};
/* End PBXGroup section */

/* Begin PBXNativeTarget section */
		A93B0019213BFC8B00600ADE /* JKTests */ = {
			isa = PBXNativeTarget;
			buildConfigurationList = A93B0031213BFC8B00600ADE /* Build configuration list for PBXNativeTarget "JKTests" */;
			buildPhases = (
				F087DD5BCAA713354DED2AE6 /* [CP] Check Pods Manifest.lock */,
				A93B0016213BFC8B00600ADE /* Sources */,
				A93B0017213BFC8B00600ADE /* Frameworks */,
				A93B0018213BFC8B00600ADE /* Resources */,
			);
			buildRules = (
			);
			dependencies = (
				A93B001C213BFC8B00600ADE /* PBXTargetDependency */,
			);
			name = JKTests;
			productName = JKTests;
			productReference = A93B001A213BFC8B00600ADE /* JKTests.xctest */;
			productType = "com.apple.product-type.bundle.unit-test";
		};
		A93B0024213BFC8B00600ADE /* JKUITests */ = {
			isa = PBXNativeTarget;
			buildConfigurationList = A93B0034213BFC8B00600ADE /* Build configuration list for PBXNativeTarget "JKUITests" */;
			buildPhases = (
				B81DB6753AA38A1B18BC1F74 /* [CP] Check Pods Manifest.lock */,
				A93B0021213BFC8B00600ADE /* Sources */,
				A93B0022213BFC8B00600ADE /* Frameworks */,
				A93B0023213BFC8B00600ADE /* Resources */,
			);
			buildRules = (
			);
			dependencies = (
				A93B0027213BFC8B00600ADE /* PBXTargetDependency */,
			);
			name = JKUITests;
			productName = JKUITests;
			productReference = A93B0025213BFC8B00600ADE /* JKUITests.xctest */;
			productType = "com.apple.product-type.bundle.ui-testing";
		};
		A93BFFFE213BFC8900600ADE /* JK */ = {
			isa = PBXNativeTarget;
			buildConfigurationList = A93B002E213BFC8B00600ADE /* Build configuration list for PBXNativeTarget "JK" */;
			buildPhases = (
				D379BE44FE4B79C7745FE465 /* [CP] Check Pods Manifest.lock */,
				A93BFFFB213BFC8900600ADE /* Sources */,
				A93BFFFC213BFC8900600ADE /* Frameworks */,
				A93BFFFD213BFC8900600ADE /* Resources */,
				86F91E2E5E247CCB056EF188 /* [CP] Embed Pods Frameworks */,
			);
			buildRules = (
			);
			dependencies = (
			);
			name = JK;
			productName = JK;
			productReference = A93BFFFF213BFC8900600ADE /* 梧桐.app */;
			productType = "com.apple.product-type.application";
		};
/* End PBXNativeTarget section */

/* Begin PBXProject section */
		A93BFFF7213BFC8900600ADE /* Project object */ = {
			isa = PBXProject;
			attributes = {
				LastUpgradeCheck = 0940;
				ORGANIZATIONNAME = JK;
				TargetAttributes = {
					A93B0019213BFC8B00600ADE = {
						CreatedOnToolsVersion = 9.4.1;
						TestTargetID = A93BFFFE213BFC8900600ADE;
					};
					A93B0024213BFC8B00600ADE = {
						CreatedOnToolsVersion = 9.4.1;
						TestTargetID = A93BFFFE213BFC8900600ADE;
					};
					A93BFFFE213BFC8900600ADE = {
						CreatedOnToolsVersion = 9.4.1;
						LastSwiftMigration = 0940;
					};
				};
			};
			buildConfigurationList = A93BFFFA213BFC8900600ADE /* Build configuration list for PBXProject "JK" */;
			compatibilityVersion = "Xcode 9.3";
			developmentRegion = en;
			hasScannedForEncodings = 0;
			knownRegions = (
				en,
				Base,
			);
			mainGroup = A93BFFF6213BFC8900600ADE;
			productRefGroup = A93B0000213BFC8900600ADE /* Products */;
			projectDirPath = "";
			projectRoot = "";
			targets = (
				A93BFFFE213BFC8900600ADE /* JK */,
				A93B0019213BFC8B00600ADE /* JKTests */,
				A93B0024213BFC8B00600ADE /* JKUITests */,
			);
		};
/* End PBXProject section */

/* Begin PBXResourcesBuildPhase section */
		A93B0018213BFC8B00600ADE /* Resources */ = {
			isa = PBXResourcesBuildPhase;
			buildActionMask = 2147483647;
			files = (
			);
			runOnlyForDeploymentPostprocessing = 0;
		};
		A93B0023213BFC8B00600ADE /* Resources */ = {
			isa = PBXResourcesBuildPhase;
			buildActionMask = 2147483647;
			files = (
			);
			runOnlyForDeploymentPostprocessing = 0;
		};
		A93BFFFD213BFC8900600ADE /* Resources */ = {
			isa = PBXResourcesBuildPhase;
			buildActionMask = 2147483647;
			files = (
				A9BA6F4C21AACDE800058B9A /* 14.jpg in Resources */,
				A9BA6F3921AACDE800058B9A /* 21.jpg in Resources */,
				A9BA6F4F21AACDE800058B9A /* 12.jpg in Resources */,
				A9BA6F3F21AACDE800058B9A /* 1.jpg in Resources */,
				A9BA6F3D21AACDE800058B9A /* 13.jpg in Resources */,
				A9BA6F3421AACDE800058B9A /* 28.jpg in Resources */,
				A9BA6F4321AACDE800058B9A /* 15.jpg in Resources */,
				A970EFDA217C83C40077E8B9 /* FilterViews.xib in Resources */,
				A9C437582186E70500E18F7E /* w4.jpeg in Resources */,
				A9C4375C2186E75B00E18F7E /* w6.jpeg in Resources */,
				A9C437532186E64D00E18F7E /* w2.jpeg in Resources */,
				A9BA6F4221AACDE800058B9A /* 20.jpg in Resources */,
				A9BA6F4021AACDE800058B9A /* 3.jpg in Resources */,
				A9BA6F3621AACDE800058B9A /* 2.jpg in Resources */,
				A93B0012213BFC8B00600ADE /* LaunchScreen.storyboard in Resources */,
				A9BA6F5021AACDE800058B9A /* 5.jpg in Resources */,
				A9BA6F5121AACDE800058B9A /* 26.jpg in Resources */,
				A9C4375A2186E72A00E18F7E /* w5.jpeg in Resources */,
				A9BA6F4821AACDE800058B9A /* 17.jpg in Resources */,
				A9BA6F3C21AACDE800058B9A /* 27.jpg in Resources */,
				A9BA6F4121AACDE800058B9A /* 32.jpg in Resources */,
				A9BA6F3821AACDE800058B9A /* 9.jpg in Resources */,
				A9BA6F4A21AACDE800058B9A /* 16.jpg in Resources */,
				A9C437602186E7C100E18F7E /* w8.jpeg in Resources */,
				A9C4375E2186E79A00E18F7E /* w7.jpeg in Resources */,
				A9BA6F5421AACDE800058B9A /* 29.jpg in Resources */,
				A9BA6F5321AACDE800058B9A /* 6.jpg in Resources */,
				A9BA6F3E21AACDE800058B9A /* 11.jpg in Resources */,
				A9BA6F4921AACDE800058B9A /* 10.jpg in Resources */,
				A9C4374F2186E48100E18F7E /* EyelashesList.plist in Resources */,
				A9BA6F3521AACDE800058B9A /* 23.jpg in Resources */,
				A93B003F213C0C4B00600ADE /* ManicureList.plist in Resources */,
				A9BA6F3721AACDE800058B9A /* 24.jpg in Resources */,
				A9C437642186EE7B00E18F7E /* w3.jpeg in Resources */,
				A93B000F213BFC8B00600ADE /* Assets.xcassets in Resources */,
				A9C437512186E60700E18F7E /* w1.jpeg in Resources */,
				A9BA6F4721AACDE800058B9A /* 8.jpg in Resources */,
				A9BA6F4421AACDE800058B9A /* 22.jpg in Resources */,
				A9BA6F4B21AACDE800058B9A /* 31.jpg in Resources */,
				A9BA6F4D21AACDE800058B9A /* 33.jpg in Resources */,
				A9BA6F5621AACDE800058B9A /* 30.jpg in Resources */,
				A9BA6F3B21AACDE800058B9A /* 25.jpg in Resources */,
				A9BA6F4E21AACDE800058B9A /* 4.jpg in Resources */,
				A9BA6F4521AACDE800058B9A /* 18.jpg in Resources */,
				A9BA6F5521AACDE800058B9A /* 34.jpg in Resources */,
				A9BA6F5221AACDE800058B9A /* 7.jpg in Resources */,
				A9BA6F4621AACDE800058B9A /* 19.jpg in Resources */,
				A93B000A213BFC8900600ADE /* Main.storyboard in Resources */,
			);
			runOnlyForDeploymentPostprocessing = 0;
		};
/* End PBXResourcesBuildPhase section */

/* Begin PBXShellScriptBuildPhase section */
		86F91E2E5E247CCB056EF188 /* [CP] Embed Pods Frameworks */ = {
			isa = PBXShellScriptBuildPhase;
			buildActionMask = 2147483647;
			files = (
			);
			inputFileListPaths = (
			);
			inputPaths = (
				"${SRCROOT}/Pods/Target Support Files/Pods-JK/Pods-JK-frameworks.sh",
				"${BUILT_PRODUCTS_DIR}/SMSegmentView/SMSegmentView.framework",
				"${BUILT_PRODUCTS_DIR}/YNDropDownMenu/YNDropDownMenu.framework",
				"${BUILT_PRODUCTS_DIR}/collection-view-layouts/collection_view_layouts.framework",
			);
			name = "[CP] Embed Pods Frameworks";
			outputFileListPaths = (
			);
			outputPaths = (
				"${TARGET_BUILD_DIR}/${FRAMEWORKS_FOLDER_PATH}/SMSegmentView.framework",
				"${TARGET_BUILD_DIR}/${FRAMEWORKS_FOLDER_PATH}/YNDropDownMenu.framework",
				"${TARGET_BUILD_DIR}/${FRAMEWORKS_FOLDER_PATH}/collection_view_layouts.framework",
			);
			runOnlyForDeploymentPostprocessing = 0;
			shellPath = /bin/sh;
			shellScript = "\"${SRCROOT}/Pods/Target Support Files/Pods-JK/Pods-JK-frameworks.sh\"\n";
			showEnvVarsInLog = 0;
		};
		B81DB6753AA38A1B18BC1F74 /* [CP] Check Pods Manifest.lock */ = {
			isa = PBXShellScriptBuildPhase;
			buildActionMask = 2147483647;
			files = (
			);
			inputFileListPaths = (
			);
			inputPaths = (
				"${PODS_PODFILE_DIR_PATH}/Podfile.lock",
				"${PODS_ROOT}/Manifest.lock",
			);
			name = "[CP] Check Pods Manifest.lock";
			outputFileListPaths = (
			);
			outputPaths = (
				"$(DERIVED_FILE_DIR)/Pods-JKUITests-checkManifestLockResult.txt",
			);
			runOnlyForDeploymentPostprocessing = 0;
			shellPath = /bin/sh;
			shellScript = "diff \"${PODS_PODFILE_DIR_PATH}/Podfile.lock\" \"${PODS_ROOT}/Manifest.lock\" > /dev/null\nif [ $? != 0 ] ; then\n    # print error to STDERR\n    echo \"error: The sandbox is not in sync with the Podfile.lock. Run 'pod install' or update your CocoaPods installation.\" >&2\n    exit 1\nfi\n# This output is used by Xcode 'outputs' to avoid re-running this script phase.\necho \"SUCCESS\" > \"${SCRIPT_OUTPUT_FILE_0}\"\n";
			showEnvVarsInLog = 0;
		};
		D379BE44FE4B79C7745FE465 /* [CP] Check Pods Manifest.lock */ = {
			isa = PBXShellScriptBuildPhase;
			buildActionMask = 2147483647;
			files = (
			);
			inputFileListPaths = (
			);
			inputPaths = (
				"${PODS_PODFILE_DIR_PATH}/Podfile.lock",
				"${PODS_ROOT}/Manifest.lock",
			);
			name = "[CP] Check Pods Manifest.lock";
			outputFileListPaths = (
			);
			outputPaths = (
				"$(DERIVED_FILE_DIR)/Pods-JK-checkManifestLockResult.txt",
			);
			runOnlyForDeploymentPostprocessing = 0;
			shellPath = /bin/sh;
			shellScript = "diff \"${PODS_PODFILE_DIR_PATH}/Podfile.lock\" \"${PODS_ROOT}/Manifest.lock\" > /dev/null\nif [ $? != 0 ] ; then\n    # print error to STDERR\n    echo \"error: The sandbox is not in sync with the Podfile.lock. Run 'pod install' or update your CocoaPods installation.\" >&2\n    exit 1\nfi\n# This output is used by Xcode 'outputs' to avoid re-running this script phase.\necho \"SUCCESS\" > \"${SCRIPT_OUTPUT_FILE_0}\"\n";
			showEnvVarsInLog = 0;
		};
		F087DD5BCAA713354DED2AE6 /* [CP] Check Pods Manifest.lock */ = {
			isa = PBXShellScriptBuildPhase;
			buildActionMask = 2147483647;
			files = (
			);
			inputFileListPaths = (
			);
			inputPaths = (
				"${PODS_PODFILE_DIR_PATH}/Podfile.lock",
				"${PODS_ROOT}/Manifest.lock",
			);
			name = "[CP] Check Pods Manifest.lock";
			outputFileListPaths = (
			);
			outputPaths = (
				"$(DERIVED_FILE_DIR)/Pods-JKTests-checkManifestLockResult.txt",
			);
			runOnlyForDeploymentPostprocessing = 0;
			shellPath = /bin/sh;
			shellScript = "diff \"${PODS_PODFILE_DIR_PATH}/Podfile.lock\" \"${PODS_ROOT}/Manifest.lock\" > /dev/null\nif [ $? != 0 ] ; then\n    # print error to STDERR\n    echo \"error: The sandbox is not in sync with the Podfile.lock. Run 'pod install' or update your CocoaPods installation.\" >&2\n    exit 1\nfi\n# This output is used by Xcode 'outputs' to avoid re-running this script phase.\necho \"SUCCESS\" > \"${SCRIPT_OUTPUT_FILE_0}\"\n";
			showEnvVarsInLog = 0;
		};
/* End PBXShellScriptBuildPhase section */

/* Begin PBXSourcesBuildPhase section */
		A93B0016213BFC8B00600ADE /* Sources */ = {
			isa = PBXSourcesBuildPhase;
			buildActionMask = 2147483647;
			files = (
				A93B001F213BFC8B00600ADE /* JKTests.m in Sources */,
			);
			runOnlyForDeploymentPostprocessing = 0;
		};
		A93B0021213BFC8B00600ADE /* Sources */ = {
			isa = PBXSourcesBuildPhase;
			buildActionMask = 2147483647;
			files = (
				A93B002A213BFC8B00600ADE /* JKUITests.m in Sources */,
			);
			runOnlyForDeploymentPostprocessing = 0;
		};
		A93BFFFB213BFC8900600ADE /* Sources */ = {
			isa = PBXSourcesBuildPhase;
			buildActionMask = 2147483647;
			files = (
				A93B000D213BFC8900600ADE /* JK.xcdatamodeld in Sources */,
				A9C437622186E9B300E18F7E /* EyeLashesCollectionController.swift in Sources */,
				A9D4FED8214FDD0F0011D6C4 /* PhotoCollectionViewController.swift in Sources */,
				A93B0015213BFC8B00600ADE /* main.m in Sources */,
				A9C4374D2186E14000E18F7E /* ManicureCollectionController.swift in Sources */,
				A9A6DC97219B017700699E3C /* PhotoCollectionView.swift in Sources */,
				A9D4FEDA215140D60011D6C4 /* PhotoDetailViewController.swift in Sources */,
				A970EFD6217B680D0077E8B9 /* FilterView.swift in Sources */,
				A93B0004213BFC8900600ADE /* AppDelegate.m in Sources */,
			);
			runOnlyForDeploymentPostprocessing = 0;
		};
/* End PBXSourcesBuildPhase section */

/* Begin PBXTargetDependency section */
		A93B001C213BFC8B00600ADE /* PBXTargetDependency */ = {
			isa = PBXTargetDependency;
			target = A93BFFFE213BFC8900600ADE /* JK */;
			targetProxy = A93B001B213BFC8B00600ADE /* PBXContainerItemProxy */;
		};
		A93B0027213BFC8B00600ADE /* PBXTargetDependency */ = {
			isa = PBXTargetDependency;
			target = A93BFFFE213BFC8900600ADE /* JK */;
			targetProxy = A93B0026213BFC8B00600ADE /* PBXContainerItemProxy */;
		};
/* End PBXTargetDependency section */

/* Begin PBXVariantGroup section */
		A93B0008213BFC8900600ADE /* Main.storyboard */ = {
			isa = PBXVariantGroup;
			children = (
				A93B0009213BFC8900600ADE /* Base */,
			);
			name = Main.storyboard;
			sourceTree = "<group>";
		};
		A93B0010213BFC8B00600ADE /* LaunchScreen.storyboard */ = {
			isa = PBXVariantGroup;
			children = (
				A93B0011213BFC8B00600ADE /* Base */,
			);
			name = LaunchScreen.storyboard;
			sourceTree = "<group>";
		};
/* End PBXVariantGroup section */

/* Begin XCBuildConfiguration section */
		A93B002C213BFC8B00600ADE /* Debug */ = {
			isa = XCBuildConfiguration;
			buildSettings = {
				ALWAYS_SEARCH_USER_PATHS = NO;
				CLANG_ANALYZER_NONNULL = YES;
				CLANG_ANALYZER_NUMBER_OBJECT_CONVERSION = YES_AGGRESSIVE;
				CLANG_CXX_LANGUAGE_STANDARD = "gnu++14";
				CLANG_CXX_LIBRARY = "libc++";
				CLANG_ENABLE_MODULES = YES;
				CLANG_ENABLE_OBJC_ARC = YES;
				CLANG_ENABLE_OBJC_WEAK = YES;
				CLANG_WARN_BLOCK_CAPTURE_AUTORELEASING = YES;
				CLANG_WARN_BOOL_CONVERSION = YES;
				CLANG_WARN_COMMA = YES;
				CLANG_WARN_CONSTANT_CONVERSION = YES;
				CLANG_WARN_DEPRECATED_OBJC_IMPLEMENTATIONS = YES;
				CLANG_WARN_DIRECT_OBJC_ISA_USAGE = YES_ERROR;
				CLANG_WARN_DOCUMENTATION_COMMENTS = YES;
				CLANG_WARN_EMPTY_BODY = YES;
				CLANG_WARN_ENUM_CONVERSION = YES;
				CLANG_WARN_INFINITE_RECURSION = YES;
				CLANG_WARN_INT_CONVERSION = YES;
				CLANG_WARN_NON_LITERAL_NULL_CONVERSION = YES;
				CLANG_WARN_OBJC_IMPLICIT_RETAIN_SELF = YES;
				CLANG_WARN_OBJC_LITERAL_CONVERSION = YES;
				CLANG_WARN_OBJC_ROOT_CLASS = YES_ERROR;
				CLANG_WARN_RANGE_LOOP_ANALYSIS = YES;
				CLANG_WARN_STRICT_PROTOTYPES = YES;
				CLANG_WARN_SUSPICIOUS_MOVE = YES;
				CLANG_WARN_UNGUARDED_AVAILABILITY = YES_AGGRESSIVE;
				CLANG_WARN_UNREACHABLE_CODE = YES;
				CLANG_WARN__DUPLICATE_METHOD_MATCH = YES;
				CODE_SIGN_IDENTITY = "iPhone Developer";
				COPY_PHASE_STRIP = NO;
				DEBUG_INFORMATION_FORMAT = dwarf;
				ENABLE_STRICT_OBJC_MSGSEND = YES;
				ENABLE_TESTABILITY = YES;
				GCC_C_LANGUAGE_STANDARD = gnu11;
				GCC_DYNAMIC_NO_PIC = NO;
				GCC_NO_COMMON_BLOCKS = YES;
				GCC_OPTIMIZATION_LEVEL = 0;
				GCC_PREPROCESSOR_DEFINITIONS = (
					"DEBUG=1",
					"$(inherited)",
				);
				GCC_WARN_64_TO_32_BIT_CONVERSION = YES;
				GCC_WARN_ABOUT_RETURN_TYPE = YES_ERROR;
				GCC_WARN_UNDECLARED_SELECTOR = YES;
				GCC_WARN_UNINITIALIZED_AUTOS = YES_AGGRESSIVE;
				GCC_WARN_UNUSED_FUNCTION = YES;
				GCC_WARN_UNUSED_VARIABLE = YES;
				IPHONEOS_DEPLOYMENT_TARGET = 11.4;
				MTL_ENABLE_DEBUG_INFO = YES;
				ONLY_ACTIVE_ARCH = YES;
				SDKROOT = iphoneos;
			};
			name = Debug;
		};
		A93B002D213BFC8B00600ADE /* Release */ = {
			isa = XCBuildConfiguration;
			buildSettings = {
				ALWAYS_SEARCH_USER_PATHS = NO;
				CLANG_ANALYZER_NONNULL = YES;
				CLANG_ANALYZER_NUMBER_OBJECT_CONVERSION = YES_AGGRESSIVE;
				CLANG_CXX_LANGUAGE_STANDARD = "gnu++14";
				CLANG_CXX_LIBRARY = "libc++";
				CLANG_ENABLE_MODULES = YES;
				CLANG_ENABLE_OBJC_ARC = YES;
				CLANG_ENABLE_OBJC_WEAK = YES;
				CLANG_WARN_BLOCK_CAPTURE_AUTORELEASING = YES;
				CLANG_WARN_BOOL_CONVERSION = YES;
				CLANG_WARN_COMMA = YES;
				CLANG_WARN_CONSTANT_CONVERSION = YES;
				CLANG_WARN_DEPRECATED_OBJC_IMPLEMENTATIONS = YES;
				CLANG_WARN_DIRECT_OBJC_ISA_USAGE = YES_ERROR;
				CLANG_WARN_DOCUMENTATION_COMMENTS = YES;
				CLANG_WARN_EMPTY_BODY = YES;
				CLANG_WARN_ENUM_CONVERSION = YES;
				CLANG_WARN_INFINITE_RECURSION = YES;
				CLANG_WARN_INT_CONVERSION = YES;
				CLANG_WARN_NON_LITERAL_NULL_CONVERSION = YES;
				CLANG_WARN_OBJC_IMPLICIT_RETAIN_SELF = YES;
				CLANG_WARN_OBJC_LITERAL_CONVERSION = YES;
				CLANG_WARN_OBJC_ROOT_CLASS = YES_ERROR;
				CLANG_WARN_RANGE_LOOP_ANALYSIS = YES;
				CLANG_WARN_STRICT_PROTOTYPES = YES;
				CLANG_WARN_SUSPICIOUS_MOVE = YES;
				CLANG_WARN_UNGUARDED_AVAILABILITY = YES_AGGRESSIVE;
				CLANG_WARN_UNREACHABLE_CODE = YES;
				CLANG_WARN__DUPLICATE_METHOD_MATCH = YES;
				CODE_SIGN_IDENTITY = "iPhone Developer";
				COPY_PHASE_STRIP = NO;
				DEBUG_INFORMATION_FORMAT = "dwarf-with-dsym";
				ENABLE_NS_ASSERTIONS = NO;
				ENABLE_STRICT_OBJC_MSGSEND = YES;
				GCC_C_LANGUAGE_STANDARD = gnu11;
				GCC_NO_COMMON_BLOCKS = YES;
				GCC_WARN_64_TO_32_BIT_CONVERSION = YES;
				GCC_WARN_ABOUT_RETURN_TYPE = YES_ERROR;
				GCC_WARN_UNDECLARED_SELECTOR = YES;
				GCC_WARN_UNINITIALIZED_AUTOS = YES_AGGRESSIVE;
				GCC_WARN_UNUSED_FUNCTION = YES;
				GCC_WARN_UNUSED_VARIABLE = YES;
				IPHONEOS_DEPLOYMENT_TARGET = 11.4;
				MTL_ENABLE_DEBUG_INFO = NO;
				SDKROOT = iphoneos;
				VALIDATE_PRODUCT = YES;
			};
			name = Release;
		};
		A93B002F213BFC8B00600ADE /* Debug */ = {
			isa = XCBuildConfiguration;
			baseConfigurationReference = 2DAEE9250425F1AF3C7498B0 /* Pods-JK.debug.xcconfig */;
			buildSettings = {
				ASSETCATALOG_COMPILER_APPICON_NAME = AppIcon;
				CLANG_ENABLE_MODULES = YES;
				CODE_SIGN_STYLE = Automatic;
				DEVELOPMENT_TEAM = FZL5YG4MY9;
				INFOPLIST_FILE = JK/Info.plist;
				LD_RUNPATH_SEARCH_PATHS = (
					"$(inherited)",
					"@executable_path/Frameworks",
				);
				PRODUCT_BUNDLE_IDENTIFIER = "JK-Studio.JK";
				PRODUCT_NAME = "梧桐";
				SWIFT_OBJC_BRIDGING_HEADER = "JK/JK-Bridging-Header.h";
				SWIFT_OPTIMIZATION_LEVEL = "-Onone";
				SWIFT_VERSION = 4.2;
				TARGETED_DEVICE_FAMILY = "1,2";
			};
			name = Debug;
		};
		A93B0030213BFC8B00600ADE /* Release */ = {
			isa = XCBuildConfiguration;
			baseConfigurationReference = 2470D4DFD431A03920E254DA /* Pods-JK.release.xcconfig */;
			buildSettings = {
				ASSETCATALOG_COMPILER_APPICON_NAME = AppIcon;
				CLANG_ENABLE_MODULES = YES;
				CODE_SIGN_STYLE = Automatic;
				DEVELOPMENT_TEAM = FZL5YG4MY9;
				INFOPLIST_FILE = JK/Info.plist;
				LD_RUNPATH_SEARCH_PATHS = (
					"$(inherited)",
					"@executable_path/Frameworks",
				);
				PRODUCT_BUNDLE_IDENTIFIER = "JK-Studio.JK";
				PRODUCT_NAME = "梧桐";
				SWIFT_OBJC_BRIDGING_HEADER = "JK/JK-Bridging-Header.h";
				SWIFT_VERSION = 4.2;
				TARGETED_DEVICE_FAMILY = "1,2";
			};
			name = Release;
		};
		A93B0032213BFC8B00600ADE /* Debug */ = {
			isa = XCBuildConfiguration;
			baseConfigurationReference = 5557B688B8ED02BAAF341517 /* Pods-JKTests.debug.xcconfig */;
			buildSettings = {
				ALWAYS_EMBED_SWIFT_STANDARD_LIBRARIES = YES;
				BUNDLE_LOADER = "$(TEST_HOST)";
				CODE_SIGN_STYLE = Automatic;
				DEVELOPMENT_TEAM = FZL5YG4MY9;
				INFOPLIST_FILE = JKTests/Info.plist;
				LD_RUNPATH_SEARCH_PATHS = (
					"$(inherited)",
					"@executable_path/Frameworks",
					"@loader_path/Frameworks",
				);
				PRODUCT_BUNDLE_IDENTIFIER = "JK-Studio.JKTests";
				PRODUCT_NAME = "$(TARGET_NAME)";
				TARGETED_DEVICE_FAMILY = "1,2";
				TEST_HOST = "$(BUILT_PRODUCTS_DIR)/JK.app/JK";
			};
			name = Debug;
		};
		A93B0033213BFC8B00600ADE /* Release */ = {
			isa = XCBuildConfiguration;
			baseConfigurationReference = 99231957CD5102366F860FEC /* Pods-JKTests.release.xcconfig */;
			buildSettings = {
				ALWAYS_EMBED_SWIFT_STANDARD_LIBRARIES = YES;
				BUNDLE_LOADER = "$(TEST_HOST)";
				CODE_SIGN_STYLE = Automatic;
				DEVELOPMENT_TEAM = FZL5YG4MY9;
				INFOPLIST_FILE = JKTests/Info.plist;
				LD_RUNPATH_SEARCH_PATHS = (
					"$(inherited)",
					"@executable_path/Frameworks",
					"@loader_path/Frameworks",
				);
				PRODUCT_BUNDLE_IDENTIFIER = "JK-Studio.JKTests";
				PRODUCT_NAME = "$(TARGET_NAME)";
				TARGETED_DEVICE_FAMILY = "1,2";
				TEST_HOST = "$(BUILT_PRODUCTS_DIR)/JK.app/JK";
			};
			name = Release;
		};
		A93B0035213BFC8B00600ADE /* Debug */ = {
			isa = XCBuildConfiguration;
			baseConfigurationReference = A464D44F3C0EC47AE8BD963F /* Pods-JKUITests.debug.xcconfig */;
			buildSettings = {
				ALWAYS_EMBED_SWIFT_STANDARD_LIBRARIES = YES;
				CODE_SIGN_STYLE = Automatic;
				DEVELOPMENT_TEAM = FZL5YG4MY9;
				INFOPLIST_FILE = JKUITests/Info.plist;
				LD_RUNPATH_SEARCH_PATHS = (
					"$(inherited)",
					"@executable_path/Frameworks",
					"@loader_path/Frameworks",
				);
				PRODUCT_BUNDLE_IDENTIFIER = "JK-Studio.JKUITests";
				PRODUCT_NAME = "$(TARGET_NAME)";
				TARGETED_DEVICE_FAMILY = "1,2";
				TEST_TARGET_NAME = JK;
			};
			name = Debug;
		};
		A93B0036213BFC8B00600ADE /* Release */ = {
			isa = XCBuildConfiguration;
			baseConfigurationReference = 7A4F1368F1944957BB7C281E /* Pods-JKUITests.release.xcconfig */;
			buildSettings = {
				ALWAYS_EMBED_SWIFT_STANDARD_LIBRARIES = YES;
				CODE_SIGN_STYLE = Automatic;
				DEVELOPMENT_TEAM = FZL5YG4MY9;
				INFOPLIST_FILE = JKUITests/Info.plist;
				LD_RUNPATH_SEARCH_PATHS = (
					"$(inherited)",
					"@executable_path/Frameworks",
					"@loader_path/Frameworks",
				);
				PRODUCT_BUNDLE_IDENTIFIER = "JK-Studio.JKUITests";
				PRODUCT_NAME = "$(TARGET_NAME)";
				TARGETED_DEVICE_FAMILY = "1,2";
				TEST_TARGET_NAME = JK;
			};
			name = Release;
		};
/* End XCBuildConfiguration section */

/* Begin XCConfigurationList section */
		A93B002E213BFC8B00600ADE /* Build configuration list for PBXNativeTarget "JK" */ = {
			isa = XCConfigurationList;
			buildConfigurations = (
				A93B002F213BFC8B00600ADE /* Debug */,
				A93B0030213BFC8B00600ADE /* Release */,
			);
			defaultConfigurationIsVisible = 0;
			defaultConfigurationName = Release;
		};
		A93B0031213BFC8B00600ADE /* Build configuration list for PBXNativeTarget "JKTests" */ = {
			isa = XCConfigurationList;
			buildConfigurations = (
				A93B0032213BFC8B00600ADE /* Debug */,
				A93B0033213BFC8B00600ADE /* Release */,
			);
			defaultConfigurationIsVisible = 0;
			defaultConfigurationName = Release;
		};
		A93B0034213BFC8B00600ADE /* Build configuration list for PBXNativeTarget "JKUITests" */ = {
			isa = XCConfigurationList;
			buildConfigurations = (
				A93B0035213BFC8B00600ADE /* Debug */,
				A93B0036213BFC8B00600ADE /* Release */,
			);
			defaultConfigurationIsVisible = 0;
			defaultConfigurationName = Release;
		};
		A93BFFFA213BFC8900600ADE /* Build configuration list for PBXProject "JK" */ = {
			isa = XCConfigurationList;
			buildConfigurations = (
				A93B002C213BFC8B00600ADE /* Debug */,
				A93B002D213BFC8B00600ADE /* Release */,
			);
			defaultConfigurationIsVisible = 0;
			defaultConfigurationName = Release;
		};
/* End XCConfigurationList section */

/* Begin XCVersionGroup section */
		A93B000B213BFC8900600ADE /* JK.xcdatamodeld */ = {
			isa = XCVersionGroup;
			children = (
				A93B000C213BFC8900600ADE /* JK.xcdatamodel */,
			);
			currentVersion = A93B000C213BFC8900600ADE /* JK.xcdatamodel */;
			path = JK.xcdatamodeld;
			sourceTree = "<group>";
			versionGroupType = wrapper.xcdatamodel;
		};
/* End XCVersionGroup section */
	};
	rootObject = A93BFFF7213BFC8900600ADE /* Project object */;
}
