// !$*UTF8*$!
{
	archiveVersion = 1;
	classes = {
	};
	objectVersion = 50;
	objects = {

/* Begin PBXBuildFile section */
		A93B0004213BFC8900600ADE /* AppDelegate.m in Sources */ = {isa = PBXBuildFile; fileRef = A93B0003213BFC8900600ADE /* AppDelegate.m */; };
		A93B0007213BFC8900600ADE /* ViewController.m in Sources */ = {isa = PBXBuildFile; fileRef = A93B0006213BFC8900600ADE /* ViewController.m */; };
		A93B000A213BFC8900600ADE /* Main.storyboard in Resources */ = {isa = PBXBuildFile; fileRef = A93B0008213BFC8900600ADE /* Main.storyboard */; };
		A93B000D213BFC8900600ADE /* JK.xcdatamodeld in Sources */ = {isa = PBXBuildFile; fileRef = A93B000B213BFC8900600ADE /* JK.xcdatamodeld */; };
		A93B000F213BFC8B00600ADE /* Assets.xcassets in Resources */ = {isa = PBXBuildFile; fileRef = A93B000E213BFC8B00600ADE /* Assets.xcassets */; };
		A93B0012213BFC8B00600ADE /* LaunchScreen.storyboard in Resources */ = {isa = PBXBuildFile; fileRef = A93B0010213BFC8B00600ADE /* LaunchScreen.storyboard */; };
		A93B0015213BFC8B00600ADE /* main.m in Sources */ = {isa = PBXBuildFile; fileRef = A93B0014213BFC8B00600ADE /* main.m */; };
		A93B001F213BFC8B00600ADE /* JKTests.m in Sources */ = {isa = PBXBuildFile; fileRef = A93B001E213BFC8B00600ADE /* JKTests.m */; };
		A93B002A213BFC8B00600ADE /* JKUITests.m in Sources */ = {isa = PBXBuildFile; fileRef = A93B0029213BFC8B00600ADE /* JKUITests.m */; };
		A93B003A213C088B00600ADE /* 3.jpeg in Resources */ = {isa = PBXBuildFile; fileRef = A93B0037213C088B00600ADE /* 3.jpeg */; };
		A93B003B213C088B00600ADE /* 2.jpeg in Resources */ = {isa = PBXBuildFile; fileRef = A93B0038213C088B00600ADE /* 2.jpeg */; };
		A93B003C213C088B00600ADE /* 1.jpeg in Resources */ = {isa = PBXBuildFile; fileRef = A93B0039213C088B00600ADE /* 1.jpeg */; };
		A93B003F213C0C4B00600ADE /* ImageList.plist in Resources */ = {isa = PBXBuildFile; fileRef = A93B003E213C0C4B00600ADE /* ImageList.plist */; };
/* End PBXBuildFile section */

/* Begin PBXContainerItemProxy section */
		A93B001B213BFC8B00600ADE /* PBXContainerItemProxy */ = {
			isa = PBXContainerItemProxy;
			containerPortal = A93BFFF7213BFC8900600ADE /* Project object */;
			proxyType = 1;
			remoteGlobalIDString = A93BFFFE213BFC8900600ADE;
			remoteInfo = JK;
		};
		A93B0026213BFC8B00600ADE /* PBXContainerItemProxy */ = {
			isa = PBXContainerItemProxy;
			containerPortal = A93BFFF7213BFC8900600ADE /* Project object */;
			proxyType = 1;
			remoteGlobalIDString = A93BFFFE213BFC8900600ADE;
			remoteInfo = JK;
		};
/* End PBXContainerItemProxy section */

/* Begin PBXFileReference section */
		A93B0002213BFC8900600ADE /* AppDelegate.h */ = {isa = PBXFileReference; lastKnownFileType = sourcecode.c.h; path = AppDelegate.h; sourceTree = "<group>"; };
		A93B0003213BFC8900600ADE /* AppDelegate.m */ = {isa = PBXFileReference; lastKnownFileType = sourcecode.c.objc; path = AppDelegate.m; sourceTree = "<group>"; };
		A93B0005213BFC8900600ADE /* ViewController.h */ = {isa = PBXFileReference; lastKnownFileType = sourcecode.c.h; path = ViewController.h; sourceTree = "<group>"; };
		A93B0006213BFC8900600ADE /* ViewController.m */ = {isa = PBXFileReference; lastKnownFileType = sourcecode.c.objc; path = ViewController.m; sourceTree = "<group>"; };
		A93B0009213BFC8900600ADE /* Base */ = {isa = PBXFileReference; lastKnownFileType = file.storyboard; name = Base; path = Base.lproj/Main.storyboard; sourceTree = "<group>"; };
		A93B000C213BFC8900600ADE /* JK.xcdatamodel */ = {isa = PBXFileReference; lastKnownFileType = wrapper.xcdatamodel; path = JK.xcdatamodel; sourceTree = "<group>"; };
		A93B000E213BFC8B00600ADE /* Assets.xcassets */ = {isa = PBXFileReference; lastKnownFileType = folder.assetcatalog; path = Assets.xcassets; sourceTree = "<group>"; };
		A93B0011213BFC8B00600ADE /* Base */ = {isa = PBXFileReference; lastKnownFileType = file.storyboard; name = Base; path = Base.lproj/LaunchScreen.storyboard; sourceTree = "<group>"; };
		A93B0013213BFC8B00600ADE /* Info.plist */ = {isa = PBXFileReference; lastKnownFileType = text.plist.xml; path = Info.plist; sourceTree = "<group>"; };
		A93B0014213BFC8B00600ADE /* main.m */ = {isa = PBXFileReference; lastKnownFileType = sourcecode.c.objc; path = main.m; sourceTree = "<group>"; };
		A93B001A213BFC8B00600ADE /* JKTests.xctest */ = {isa = PBXFileReference; explicitFileType = wrapper.cfbundle; includeInIndex = 0; path = JKTests.xctest; sourceTree = BUILT_PRODUCTS_DIR; };
		A93B001E213BFC8B00600ADE /* JKTests.m */ = {isa = PBXFileReference; lastKnownFileType = sourcecode.c.objc; path = JKTests.m; sourceTree = "<group>"; };
		A93B0020213BFC8B00600ADE /* Info.plist */ = {isa = PBXFileReference; lastKnownFileType = text.plist.xml; path = Info.plist; sourceTree = "<group>"; };
		A93B0025213BFC8B00600ADE /* JKUITests.xctest */ = {isa = PBXFileReference; explicitFileType = wrapper.cfbundle; includeInIndex = 0; path = JKUITests.xctest; sourceTree = BUILT_PRODUCTS_DIR; };
		A93B0029213BFC8B00600ADE /* JKUITests.m */ = {isa = PBXFileReference; lastKnownFileType = sourcecode.c.objc; path = JKUITests.m; sourceTree = "<group>"; };
		A93B002B213BFC8B00600ADE /* Info.plist */ = {isa = PBXFileReference; lastKnownFileType = text.plist.xml; path = Info.plist; sourceTree = "<group>"; };
		A93B0037213C088B00600ADE /* 3.jpeg */ = {isa = PBXFileReference; lastKnownFileType = image.jpeg; path = 3.jpeg; sourceTree = "<group>"; };
		A93B0038213C088B00600ADE /* 2.jpeg */ = {isa = PBXFileReference; lastKnownFileType = image.jpeg; path = 2.jpeg; sourceTree = "<group>"; };
		A93B0039213C088B00600ADE /* 1.jpeg */ = {isa = PBXFileReference; lastKnownFileType = image.jpeg; path = 1.jpeg; sourceTree = "<group>"; };
		A93B003E213C0C4B00600ADE /* ImageList.plist */ = {isa = PBXFileReference; lastKnownFileType = text.plist.xml; path = ImageList.plist; sourceTree = "<group>"; };
		A93BFFFF213BFC8900600ADE /* JK.app */ = {isa = PBXFileReference; explicitFileType = wrapper.application; includeInIndex = 0; path = JK.app; sourceTree = BUILT_PRODUCTS_DIR; };
/* End PBXFileReference section */

/* Begin PBXFrameworksBuildPhase section */
		A93B0017213BFC8B00600ADE /* Frameworks */ = {
			isa = PBXFrameworksBuildPhase;
			buildActionMask = 2147483647;
			files = (
			);
			runOnlyForDeploymentPostprocessing = 0;
		};
		A93B0022213BFC8B00600ADE /* Frameworks */ = {
			isa = PBXFrameworksBuildPhase;
			buildActionMask = 2147483647;
			files = (
			);
			runOnlyForDeploymentPostprocessing = 0;
		};
		A93BFFFC213BFC8900600ADE /* Frameworks */ = {
			isa = PBXFrameworksBuildPhase;
			buildActionMask = 2147483647;
			files = (
			);
			runOnlyForDeploymentPostprocessing = 0;
		};
/* End PBXFrameworksBuildPhase section */

/* Begin PBXGroup section */
		A93B0000213BFC8900600ADE /* Products */ = {
			isa = PBXGroup;
			children = (
				A93BFFFF213BFC8900600ADE /* JK.app */,
				A93B001A213BFC8B00600ADE /* JKTests.xctest */,
				A93B0025213BFC8B00600ADE /* JKUITests.xctest */,
			);
			name = Products;
			sourceTree = "<group>";
		};
		A93B0001213BFC8900600ADE /* JK */ = {
			isa = PBXGroup;
			children = (
				A93B003D213C089600600ADE /* Resources */,
				A93B0002213BFC8900600ADE /* AppDelegate.h */,
				A93B0003213BFC8900600ADE /* AppDelegate.m */,
				A93B0005213BFC8900600ADE /* ViewController.h */,
				A93B0006213BFC8900600ADE /* ViewController.m */,
				A93B0008213BFC8900600ADE /* Main.storyboard */,
				A93B000E213BFC8B00600ADE /* Assets.xcassets */,
				A93B0010213BFC8B00600ADE /* LaunchScreen.storyboard */,
				A93B0013213BFC8B00600ADE /* Info.plist */,
				A93B0014213BFC8B00600ADE /* main.m */,
				A93B000B213BFC8900600ADE /* JK.xcdatamodeld */,
				A93B003E213C0C4B00600ADE /* ImageList.plist */,
			);
			path = JK;
			sourceTree = "<group>";
		};
		A93B001D213BFC8B00600ADE /* JKTests */ = {
			isa = PBXGroup;
			children = (
				A93B001E213BFC8B00600ADE /* JKTests.m */,
				A93B0020213BFC8B00600ADE /* Info.plist */,
			);
			path = JKTests;
			sourceTree = "<group>";
		};
		A93B0028213BFC8B00600ADE /* JKUITests */ = {
			isa = PBXGroup;
			children = (
				A93B0029213BFC8B00600ADE /* JKUITests.m */,
				A93B002B213BFC8B00600ADE /* Info.plist */,
			);
			path = JKUITests;
			sourceTree = "<group>";
		};
		A93B003D213C089600600ADE /* Resources */ = {
			isa = PBXGroup;
			children = (
				A93B0039213C088B00600ADE /* 1.jpeg */,
				A93B0038213C088B00600ADE /* 2.jpeg */,
				A93B0037213C088B00600ADE /* 3.jpeg */,
			);
			path = Resources;
			sourceTree = "<group>";
		};
		A93BFFF6213BFC8900600ADE = {
			isa = PBXGroup;
			children = (
				A93B0001213BFC8900600ADE /* JK */,
				A93B001D213BFC8B00600ADE /* JKTests */,
				A93B0028213BFC8B00600ADE /* JKUITests */,
				A93B0000213BFC8900600ADE /* Products */,
			);
			sourceTree = "<group>";
		};
/* End PBXGroup section */

/* Begin PBXNativeTarget section */
		A93B0019213BFC8B00600ADE /* JKTests */ = {
			isa = PBXNativeTarget;
			buildConfigurationList = A93B0031213BFC8B00600ADE /* Build configuration list for PBXNativeTarget "JKTests" */;
			buildPhases = (
				A93B0016213BFC8B00600ADE /* Sources */,
				A93B0017213BFC8B00600ADE /* Frameworks */,
				A93B0018213BFC8B00600ADE /* Resources */,
			);
			buildRules = (
			);
			dependencies = (
				A93B001C213BFC8B00600ADE /* PBXTargetDependency */,
			);
			name = JKTests;
			productName = JKTests;
			productReference = A93B001A213BFC8B00600ADE /* JKTests.xctest */;
			productType = "com.apple.product-type.bundle.unit-test";
		};
		A93B0024213BFC8B00600ADE /* JKUITests */ = {
			isa = PBXNativeTarget;
			buildConfigurationList = A93B0034213BFC8B00600ADE /* Build configuration list for PBXNativeTarget "JKUITests" */;
			buildPhases = (
				A93B0021213BFC8B00600ADE /* Sources */,
				A93B0022213BFC8B00600ADE /* Frameworks */,
				A93B0023213BFC8B00600ADE /* Resources */,
			);
			buildRules = (
			);
			dependencies = (
				A93B0027213BFC8B00600ADE /* PBXTargetDependency */,
			);
			name = JKUITests;
			productName = JKUITests;
			productReference = A93B0025213BFC8B00600ADE /* JKUITests.xctest */;
			productType = "com.apple.product-type.bundle.ui-testing";
		};
		A93BFFFE213BFC8900600ADE /* JK */ = {
			isa = PBXNativeTarget;
			buildConfigurationList = A93B002E213BFC8B00600ADE /* Build configuration list for PBXNativeTarget "JK" */;
			buildPhases = (
				A93BFFFB213BFC8900600ADE /* Sources */,
				A93BFFFC213BFC8900600ADE /* Frameworks */,
				A93BFFFD213BFC8900600ADE /* Resources */,
			);
			buildRules = (
			);
			dependencies = (
			);
			name = JK;
			productName = JK;
			productReference = A93BFFFF213BFC8900600ADE /* JK.app */;
			productType = "com.apple.product-type.application";
		};
/* End PBXNativeTarget section */

/* Begin PBXProject section */
		A93BFFF7213BFC8900600ADE /* Project object */ = {
			isa = PBXProject;
			attributes = {
				LastUpgradeCheck = 0940;
				ORGANIZATIONNAME = JK;
				TargetAttributes = {
					A93B0019213BFC8B00600ADE = {
						CreatedOnToolsVersion = 9.4.1;
						TestTargetID = A93BFFFE213BFC8900600ADE;
					};
					A93B0024213BFC8B00600ADE = {
						CreatedOnToolsVersion = 9.4.1;
						TestTargetID = A93BFFFE213BFC8900600ADE;
					};
					A93BFFFE213BFC8900600ADE = {
						CreatedOnToolsVersion = 9.4.1;
					};
				};
			};
			buildConfigurationList = A93BFFFA213BFC8900600ADE /* Build configuration list for PBXProject "JK" */;
			compatibilityVersion = "Xcode 9.3";
			developmentRegion = en;
			hasScannedForEncodings = 0;
			knownRegions = (
				en,
				Base,
			);
			mainGroup = A93BFFF6213BFC8900600ADE;
			productRefGroup = A93B0000213BFC8900600ADE /* Products */;
			projectDirPath = "";
			projectRoot = "";
			targets = (
				A93BFFFE213BFC8900600ADE /* JK */,
				A93B0019213BFC8B00600ADE /* JKTests */,
				A93B0024213BFC8B00600ADE /* JKUITests */,
			);
		};
/* End PBXProject section */

/* Begin PBXResourcesBuildPhase section */
		A93B0018213BFC8B00600ADE /* Resources */ = {
			isa = PBXResourcesBuildPhase;
			buildActionMask = 2147483647;
			files = (
			);
			runOnlyForDeploymentPostprocessing = 0;
		};
		A93B0023213BFC8B00600ADE /* Resources */ = {
			isa = PBXResourcesBuildPhase;
			buildActionMask = 2147483647;
			files = (
			);
			runOnlyForDeploymentPostprocessing = 0;
		};
		A93BFFFD213BFC8900600ADE /* Resources */ = {
			isa = PBXResourcesBuildPhase;
			buildActionMask = 2147483647;
			files = (
				A93B003B213C088B00600ADE /* 2.jpeg in Resources */,
				A93B003C213C088B00600ADE /* 1.jpeg in Resources */,
				A93B0012213BFC8B00600ADE /* LaunchScreen.storyboard in Resources */,
				A93B003A213C088B00600ADE /* 3.jpeg in Resources */,
				A93B003F213C0C4B00600ADE /* ImageList.plist in Resources */,
				A93B000F213BFC8B00600ADE /* Assets.xcassets in Resources */,
				A93B000A213BFC8900600ADE /* Main.storyboard in Resources */,
			);
			runOnlyForDeploymentPostprocessing = 0;
		};
/* End PBXResourcesBuildPhase section */

/* Begin PBXSourcesBuildPhase section */
		A93B0016213BFC8B00600ADE /* Sources */ = {
			isa = PBXSourcesBuildPhase;
			buildActionMask = 2147483647;
			files = (
				A93B001F213BFC8B00600ADE /* JKTests.m in Sources */,
			);
			runOnlyForDeploymentPostprocessing = 0;
		};
		A93B0021213BFC8B00600ADE /* Sources */ = {
			isa = PBXSourcesBuildPhase;
			buildActionMask = 2147483647;
			files = (
				A93B002A213BFC8B00600ADE /* JKUITests.m in Sources */,
			);
			runOnlyForDeploymentPostprocessing = 0;
		};
		A93BFFFB213BFC8900600ADE /* Sources */ = {
			isa = PBXSourcesBuildPhase;
			buildActionMask = 2147483647;
			files = (
				A93B0007213BFC8900600ADE /* ViewController.m in Sources */,
				A93B000D213BFC8900600ADE /* JK.xcdatamodeld in Sources */,
				A93B0015213BFC8B00600ADE /* main.m in Sources */,
				A93B0004213BFC8900600ADE /* AppDelegate.m in Sources */,
			);
			runOnlyForDeploymentPostprocessing = 0;
		};
/* End PBXSourcesBuildPhase section */

/* Begin PBXTargetDependency section */
		A93B001C213BFC8B00600ADE /* PBXTargetDependency */ = {
			isa = PBXTargetDependency;
			target = A93BFFFE213BFC8900600ADE /* JK */;
			targetProxy = A93B001B213BFC8B00600ADE /* PBXContainerItemProxy */;
		};
		A93B0027213BFC8B00600ADE /* PBXTargetDependency */ = {
			isa = PBXTargetDependency;
			target = A93BFFFE213BFC8900600ADE /* JK */;
			targetProxy = A93B0026213BFC8B00600ADE /* PBXContainerItemProxy */;
		};
/* End PBXTargetDependency section */

/* Begin PBXVariantGroup section */
		A93B0008213BFC8900600ADE /* Main.storyboard */ = {
			isa = PBXVariantGroup;
			children = (
				A93B0009213BFC8900600ADE /* Base */,
			);
			name = Main.storyboard;
			sourceTree = "<group>";
		};
		A93B0010213BFC8B00600ADE /* LaunchScreen.storyboard */ = {
			isa = PBXVariantGroup;
			children = (
				A93B0011213BFC8B00600ADE /* Base */,
			);
			name = LaunchScreen.storyboard;
			sourceTree = "<group>";
		};
/* End PBXVariantGroup section */

/* Begin XCBuildConfiguration section */
		A93B002C213BFC8B00600ADE /* Debug */ = {
			isa = XCBuildConfiguration;
			buildSettings = {
				ALWAYS_SEARCH_USER_PATHS = NO;
				CLANG_ANALYZER_NONNULL = YES;
				CLANG_ANALYZER_NUMBER_OBJECT_CONVERSION = YES_AGGRESSIVE;
				CLANG_CXX_LANGUAGE_STANDARD = "gnu++14";
				CLANG_CXX_LIBRARY = "libc++";
				CLANG_ENABLE_MODULES = YES;
				CLANG_ENABLE_OBJC_ARC = YES;
				CLANG_ENABLE_OBJC_WEAK = YES;
				CLANG_WARN_BLOCK_CAPTURE_AUTORELEASING = YES;
				CLANG_WARN_BOOL_CONVERSION = YES;
				CLANG_WARN_COMMA = YES;
				CLANG_WARN_CONSTANT_CONVERSION = YES;
				CLANG_WARN_DEPRECATED_OBJC_IMPLEMENTATIONS = YES;
				CLANG_WARN_DIRECT_OBJC_ISA_USAGE = YES_ERROR;
				CLANG_WARN_DOCUMENTATION_COMMENTS = YES;
				CLANG_WARN_EMPTY_BODY = YES;
				CLANG_WARN_ENUM_CONVERSION = YES;
				CLANG_WARN_INFINITE_RECURSION = YES;
				CLANG_WARN_INT_CONVERSION = YES;
				CLANG_WARN_NON_LITERAL_NULL_CONVERSION = YES;
				CLANG_WARN_OBJC_IMPLICIT_RETAIN_SELF = YES;
				CLANG_WARN_OBJC_LITERAL_CONVERSION = YES;
				CLANG_WARN_OBJC_ROOT_CLASS = YES_ERROR;
				CLANG_WARN_RANGE_LOOP_ANALYSIS = YES;
				CLANG_WARN_STRICT_PROTOTYPES = YES;
				CLANG_WARN_SUSPICIOUS_MOVE = YES;
				CLANG_WARN_UNGUARDED_AVAILABILITY = YES_AGGRESSIVE;
				CLANG_WARN_UNREACHABLE_CODE = YES;
				CLANG_WARN__DUPLICATE_METHOD_MATCH = YES;
				CODE_SIGN_IDENTITY = "iPhone Developer";
				COPY_PHASE_STRIP = NO;
				DEBUG_INFORMATION_FORMAT = dwarf;
				ENABLE_STRICT_OBJC_MSGSEND = YES;
				ENABLE_TESTABILITY = YES;
				GCC_C_LANGUAGE_STANDARD = gnu11;
				GCC_DYNAMIC_NO_PIC = NO;
				GCC_NO_COMMON_BLOCKS = YES;
				GCC_OPTIMIZATION_LEVEL = 0;
				GCC_PREPROCESSOR_DEFINITIONS = (
					"DEBUG=1",
					"$(inherited)",
				);
				GCC_WARN_64_TO_32_BIT_CONVERSION = YES;
				GCC_WARN_ABOUT_RETURN_TYPE = YES_ERROR;
				GCC_WARN_UNDECLARED_SELECTOR = YES;
				GCC_WARN_UNINITIALIZED_AUTOS = YES_AGGRESSIVE;
				GCC_WARN_UNUSED_FUNCTION = YES;
				GCC_WARN_UNUSED_VARIABLE = YES;
				IPHONEOS_DEPLOYMENT_TARGET = 11.4;
				MTL_ENABLE_DEBUG_INFO = YES;
				ONLY_ACTIVE_ARCH = YES;
				SDKROOT = iphoneos;
			};
			name = Debug;
		};
		A93B002D213BFC8B00600ADE /* Release */ = {
			isa = XCBuildConfiguration;
			buildSettings = {
				ALWAYS_SEARCH_USER_PATHS = NO;
				CLANG_ANALYZER_NONNULL = YES;
				CLANG_ANALYZER_NUMBER_OBJECT_CONVERSION = YES_AGGRESSIVE;
				CLANG_CXX_LANGUAGE_STANDARD = "gnu++14";
				CLANG_CXX_LIBRARY = "libc++";
				CLANG_ENABLE_MODULES = YES;
				CLANG_ENABLE_OBJC_ARC = YES;
				CLANG_ENABLE_OBJC_WEAK = YES;
				CLANG_WARN_BLOCK_CAPTURE_AUTORELEASING = YES;
				CLANG_WARN_BOOL_CONVERSION = YES;
				CLANG_WARN_COMMA = YES;
				CLANG_WARN_CONSTANT_CONVERSION = YES;
				CLANG_WARN_DEPRECATED_OBJC_IMPLEMENTATIONS = YES;
				CLANG_WARN_DIRECT_OBJC_ISA_USAGE = YES_ERROR;
				CLANG_WARN_DOCUMENTATION_COMMENTS = YES;
				CLANG_WARN_EMPTY_BODY = YES;
				CLANG_WARN_ENUM_CONVERSION = YES;
				CLANG_WARN_INFINITE_RECURSION = YES;
				CLANG_WARN_INT_CONVERSION = YES;
				CLANG_WARN_NON_LITERAL_NULL_CONVERSION = YES;
				CLANG_WARN_OBJC_IMPLICIT_RETAIN_SELF = YES;
				CLANG_WARN_OBJC_LITERAL_CONVERSION = YES;
				CLANG_WARN_OBJC_ROOT_CLASS = YES_ERROR;
				CLANG_WARN_RANGE_LOOP_ANALYSIS = YES;
				CLANG_WARN_STRICT_PROTOTYPES = YES;
				CLANG_WARN_SUSPICIOUS_MOVE = YES;
				CLANG_WARN_UNGUARDED_AVAILABILITY = YES_AGGRESSIVE;
				CLANG_WARN_UNREACHABLE_CODE = YES;
				CLANG_WARN__DUPLICATE_METHOD_MATCH = YES;
				CODE_SIGN_IDENTITY = "iPhone Developer";
				COPY_PHASE_STRIP = NO;
				DEBUG_INFORMATION_FORMAT = "dwarf-with-dsym";
				ENABLE_NS_ASSERTIONS = NO;
				ENABLE_STRICT_OBJC_MSGSEND = YES;
				GCC_C_LANGUAGE_STANDARD = gnu11;
				GCC_NO_COMMON_BLOCKS = YES;
				GCC_WARN_64_TO_32_BIT_CONVERSION = YES;
				GCC_WARN_ABOUT_RETURN_TYPE = YES_ERROR;
				GCC_WARN_UNDECLARED_SELECTOR = YES;
				GCC_WARN_UNINITIALIZED_AUTOS = YES_AGGRESSIVE;
				GCC_WARN_UNUSED_FUNCTION = YES;
				GCC_WARN_UNUSED_VARIABLE = YES;
				IPHONEOS_DEPLOYMENT_TARGET = 11.4;
				MTL_ENABLE_DEBUG_INFO = NO;
				SDKROOT = iphoneos;
				VALIDATE_PRODUCT = YES;
			};
			name = Release;
		};
		A93B002F213BFC8B00600ADE /* Debug */ = {
			isa = XCBuildConfiguration;
			buildSettings = {
				ASSETCATALOG_COMPILER_APPICON_NAME = AppIcon;
				CODE_SIGN_STYLE = Automatic;
				DEVELOPMENT_TEAM = FZL5YG4MY9;
				INFOPLIST_FILE = JK/Info.plist;
				LD_RUNPATH_SEARCH_PATHS = (
					"$(inherited)",
					"@executable_path/Frameworks",
				);
				PRODUCT_BUNDLE_IDENTIFIER = "JK-Studio.JK";
				PRODUCT_NAME = "$(TARGET_NAME)";
				TARGETED_DEVICE_FAMILY = "1,2";
			};
			name = Debug;
		};
		A93B0030213BFC8B00600ADE /* Release */ = {
			isa = XCBuildConfiguration;
			buildSettings = {
				ASSETCATALOG_COMPILER_APPICON_NAME = AppIcon;
				CODE_SIGN_STYLE = Automatic;
				DEVELOPMENT_TEAM = FZL5YG4MY9;
				INFOPLIST_FILE = JK/Info.plist;
				LD_RUNPATH_SEARCH_PATHS = (
					"$(inherited)",
					"@executable_path/Frameworks",
				);
				PRODUCT_BUNDLE_IDENTIFIER = "JK-Studio.JK";
				PRODUCT_NAME = "$(TARGET_NAME)";
				TARGETED_DEVICE_FAMILY = "1,2";
			};
			name = Release;
		};
		A93B0032213BFC8B00600ADE /* Debug */ = {
			isa = XCBuildConfiguration;
			buildSettings = {
				BUNDLE_LOADER = "$(TEST_HOST)";
				CODE_SIGN_STYLE = Automatic;
				DEVELOPMENT_TEAM = FZL5YG4MY9;
				INFOPLIST_FILE = JKTests/Info.plist;
				LD_RUNPATH_SEARCH_PATHS = (
					"$(inherited)",
					"@executable_path/Frameworks",
					"@loader_path/Frameworks",
				);
				PRODUCT_BUNDLE_IDENTIFIER = "JK-Studio.JKTests";
				PRODUCT_NAME = "$(TARGET_NAME)";
				TARGETED_DEVICE_FAMILY = "1,2";
				TEST_HOST = "$(BUILT_PRODUCTS_DIR)/JK.app/JK";
			};
			name = Debug;
		};
		A93B0033213BFC8B00600ADE /* Release */ = {
			isa = XCBuildConfiguration;
			buildSettings = {
				BUNDLE_LOADER = "$(TEST_HOST)";
				CODE_SIGN_STYLE = Automatic;
				DEVELOPMENT_TEAM = FZL5YG4MY9;
				INFOPLIST_FILE = JKTests/Info.plist;
				LD_RUNPATH_SEARCH_PATHS = (
					"$(inherited)",
					"@executable_path/Frameworks",
					"@loader_path/Frameworks",
				);
				PRODUCT_BUNDLE_IDENTIFIER = "JK-Studio.JKTests";
				PRODUCT_NAME = "$(TARGET_NAME)";
				TARGETED_DEVICE_FAMILY = "1,2";
				TEST_HOST = "$(BUILT_PRODUCTS_DIR)/JK.app/JK";
			};
			name = Release;
		};
		A93B0035213BFC8B00600ADE /* Debug */ = {
			isa = XCBuildConfiguration;
			buildSettings = {
				CODE_SIGN_STYLE = Automatic;
				DEVELOPMENT_TEAM = FZL5YG4MY9;
				INFOPLIST_FILE = JKUITests/Info.plist;
				LD_RUNPATH_SEARCH_PATHS = (
					"$(inherited)",
					"@executable_path/Frameworks",
					"@loader_path/Frameworks",
				);
				PRODUCT_BUNDLE_IDENTIFIER = "JK-Studio.JKUITests";
				PRODUCT_NAME = "$(TARGET_NAME)";
				TARGETED_DEVICE_FAMILY = "1,2";
				TEST_TARGET_NAME = JK;
			};
			name = Debug;
		};
		A93B0036213BFC8B00600ADE /* Release */ = {
			isa = XCBuildConfiguration;
			buildSettings = {
				CODE_SIGN_STYLE = Automatic;
				DEVELOPMENT_TEAM = FZL5YG4MY9;
				INFOPLIST_FILE = JKUITests/Info.plist;
				LD_RUNPATH_SEARCH_PATHS = (
					"$(inherited)",
					"@executable_path/Frameworks",
					"@loader_path/Frameworks",
				);
				PRODUCT_BUNDLE_IDENTIFIER = "JK-Studio.JKUITests";
				PRODUCT_NAME = "$(TARGET_NAME)";
				TARGETED_DEVICE_FAMILY = "1,2";
				TEST_TARGET_NAME = JK;
			};
			name = Release;
		};
/* End XCBuildConfiguration section */

/* Begin XCConfigurationList section */
		A93B002E213BFC8B00600ADE /* Build configuration list for PBXNativeTarget "JK" */ = {
			isa = XCConfigurationList;
			buildConfigurations = (
				A93B002F213BFC8B00600ADE /* Debug */,
				A93B0030213BFC8B00600ADE /* Release */,
			);
			defaultConfigurationIsVisible = 0;
			defaultConfigurationName = Release;
		};
		A93B0031213BFC8B00600ADE /* Build configuration list for PBXNativeTarget "JKTests" */ = {
			isa = XCConfigurationList;
			buildConfigurations = (
				A93B0032213BFC8B00600ADE /* Debug */,
				A93B0033213BFC8B00600ADE /* Release */,
			);
			defaultConfigurationIsVisible = 0;
			defaultConfigurationName = Release;
		};
		A93B0034213BFC8B00600ADE /* Build configuration list for PBXNativeTarget "JKUITests" */ = {
			isa = XCConfigurationList;
			buildConfigurations = (
				A93B0035213BFC8B00600ADE /* Debug */,
				A93B0036213BFC8B00600ADE /* Release */,
			);
			defaultConfigurationIsVisible = 0;
			defaultConfigurationName = Release;
		};
		A93BFFFA213BFC8900600ADE /* Build configuration list for PBXProject "JK" */ = {
			isa = XCConfigurationList;
			buildConfigurations = (
				A93B002C213BFC8B00600ADE /* Debug */,
				A93B002D213BFC8B00600ADE /* Release */,
			);
			defaultConfigurationIsVisible = 0;
			defaultConfigurationName = Release;
		};
/* End XCConfigurationList section */

/* Begin XCVersionGroup section */
		A93B000B213BFC8900600ADE /* JK.xcdatamodeld */ = {
			isa = XCVersionGroup;
			children = (
				A93B000C213BFC8900600ADE /* JK.xcdatamodel */,
			);
			currentVersion = A93B000C213BFC8900600ADE /* JK.xcdatamodel */;
			path = JK.xcdatamodeld;
			sourceTree = "<group>";
			versionGroupType = wrapper.xcdatamodel;
		};
/* End XCVersionGroup section */
	};
	rootObject = A93BFFF7213BFC8900600ADE /* Project object */;
}
